// !$*UTF8*$!
{
	archiveVersion = 1;
	classes = {
	};
	objectVersion = 50;
	objects = {

/* Begin PBXBuildFile section */
		EA2A0FFC266BD995009C5980 /* AppDelegate.swift in Sources */ = {isa = PBXBuildFile; fileRef = EA2A0FFB266BD995009C5980 /* AppDelegate.swift */; };
		EA2A0FFE266BD995009C5980 /* SceneDelegate.swift in Sources */ = {isa = PBXBuildFile; fileRef = EA2A0FFD266BD995009C5980 /* SceneDelegate.swift */; };
		EA2A1000266BD995009C5980 /* ViewController.swift in Sources */ = {isa = PBXBuildFile; fileRef = EA2A0FFF266BD995009C5980 /* ViewController.swift */; };
		EA2A1003266BD995009C5980 /* Main.storyboard in Resources */ = {isa = PBXBuildFile; fileRef = EA2A1001266BD995009C5980 /* Main.storyboard */; };
		EA2A1005266BD99C009C5980 /* Assets.xcassets in Resources */ = {isa = PBXBuildFile; fileRef = EA2A1004266BD99C009C5980 /* Assets.xcassets */; };
		EA2A1008266BD99C009C5980 /* LaunchScreen.storyboard in Resources */ = {isa = PBXBuildFile; fileRef = EA2A1006266BD99C009C5980 /* LaunchScreen.storyboard */; };
		EA2A1013266BD99C009C5980 /* QuizAppTests.swift in Sources */ = {isa = PBXBuildFile; fileRef = EA2A1012266BD99C009C5980 /* QuizAppTests.swift */; };
		EA2A101E266BD99D009C5980 /* QuizAppUITests.swift in Sources */ = {isa = PBXBuildFile; fileRef = EA2A101D266BD99D009C5980 /* QuizAppUITests.swift */; };
		EA2A102F266BD9AF009C5980 /* GoogleService-Info.plist in Resources */ = {isa = PBXBuildFile; fileRef = EA2A102E266BD9AF009C5980 /* GoogleService-Info.plist */; };
/* End PBXBuildFile section */

/* Begin PBXContainerItemProxy section */
		EA2A100F266BD99C009C5980 /* PBXContainerItemProxy */ = {
			isa = PBXContainerItemProxy;
			containerPortal = EA2A0FF0266BD995009C5980 /* Project object */;
			proxyType = 1;
			remoteGlobalIDString = EA2A0FF7266BD995009C5980;
			remoteInfo = QuizApp;
		};
		EA2A101A266BD99D009C5980 /* PBXContainerItemProxy */ = {
			isa = PBXContainerItemProxy;
			containerPortal = EA2A0FF0266BD995009C5980 /* Project object */;
			proxyType = 1;
			remoteGlobalIDString = EA2A0FF7266BD995009C5980;
			remoteInfo = QuizApp;
		};
/* End PBXContainerItemProxy section */

/* Begin PBXFileReference section */
		EA2A0FF8266BD995009C5980 /* QuizApp.app */ = {isa = PBXFileReference; explicitFileType = wrapper.application; includeInIndex = 0; path = QuizApp.app; sourceTree = BUILT_PRODUCTS_DIR; };
		EA2A0FFB266BD995009C5980 /* AppDelegate.swift */ = {isa = PBXFileReference; lastKnownFileType = sourcecode.swift; path = AppDelegate.swift; sourceTree = "<group>"; };
		EA2A0FFD266BD995009C5980 /* SceneDelegate.swift */ = {isa = PBXFileReference; lastKnownFileType = sourcecode.swift; path = SceneDelegate.swift; sourceTree = "<group>"; };
		EA2A0FFF266BD995009C5980 /* ViewController.swift */ = {isa = PBXFileReference; lastKnownFileType = sourcecode.swift; path = ViewController.swift; sourceTree = "<group>"; };
		EA2A1002266BD995009C5980 /* Base */ = {isa = PBXFileReference; lastKnownFileType = file.storyboard; name = Base; path = Base.lproj/Main.storyboard; sourceTree = "<group>"; };
		EA2A1004266BD99C009C5980 /* Assets.xcassets */ = {isa = PBXFileReference; lastKnownFileType = folder.assetcatalog; path = Assets.xcassets; sourceTree = "<group>"; };
		EA2A1007266BD99C009C5980 /* Base */ = {isa = PBXFileReference; lastKnownFileType = file.storyboard; name = Base; path = Base.lproj/LaunchScreen.storyboard; sourceTree = "<group>"; };
		EA2A1009266BD99C009C5980 /* Info.plist */ = {isa = PBXFileReference; lastKnownFileType = text.plist.xml; path = Info.plist; sourceTree = "<group>"; };
		EA2A100E266BD99C009C5980 /* QuizAppTests.xctest */ = {isa = PBXFileReference; explicitFileType = wrapper.cfbundle; includeInIndex = 0; path = QuizAppTests.xctest; sourceTree = BUILT_PRODUCTS_DIR; };
		EA2A1012266BD99C009C5980 /* QuizAppTests.swift */ = {isa = PBXFileReference; lastKnownFileType = sourcecode.swift; path = QuizAppTests.swift; sourceTree = "<group>"; };
		EA2A1014266BD99C009C5980 /* Info.plist */ = {isa = PBXFileReference; lastKnownFileType = text.plist.xml; path = Info.plist; sourceTree = "<group>"; };
		EA2A1019266BD99D009C5980 /* QuizAppUITests.xctest */ = {isa = PBXFileReference; explicitFileType = wrapper.cfbundle; includeInIndex = 0; path = QuizAppUITests.xctest; sourceTree = BUILT_PRODUCTS_DIR; };
		EA2A101D266BD99D009C5980 /* QuizAppUITests.swift */ = {isa = PBXFileReference; lastKnownFileType = sourcecode.swift; path = QuizAppUITests.swift; sourceTree = "<group>"; };
		EA2A101F266BD99D009C5980 /* Info.plist */ = {isa = PBXFileReference; lastKnownFileType = text.plist.xml; path = Info.plist; sourceTree = "<group>"; };
		EA2A102E266BD9AF009C5980 /* GoogleService-Info.plist */ = {isa = PBXFileReference; fileEncoding = 4; lastKnownFileType = text.plist.xml; path = "GoogleService-Info.plist"; sourceTree = "<group>"; };
/* End PBXFileReference section */

/* Begin PBXFrameworksBuildPhase section */
		EA2A0FF5266BD995009C5980 /* Frameworks */ = {
			isa = PBXFrameworksBuildPhase;
			buildActionMask = 2147483647;
			files = (
			);
			runOnlyForDeploymentPostprocessing = 0;
		};
		EA2A100B266BD99C009C5980 /* Frameworks */ = {
			isa = PBXFrameworksBuildPhase;
			buildActionMask = 2147483647;
			files = (
			);
			runOnlyForDeploymentPostprocessing = 0;
		};
		EA2A1016266BD99D009C5980 /* Frameworks */ = {
			isa = PBXFrameworksBuildPhase;
			buildActionMask = 2147483647;
			files = (
			);
			runOnlyForDeploymentPostprocessing = 0;
		};
/* End PBXFrameworksBuildPhase section */

/* Begin PBXGroup section */
		EA2A0FEF266BD995009C5980 = {
			isa = PBXGroup;
			children = (
				EA2A0FFA266BD995009C5980 /* QuizApp */,
				EA2A1011266BD99C009C5980 /* QuizAppTests */,
				EA2A101C266BD99D009C5980 /* QuizAppUITests */,
				EA2A0FF9266BD995009C5980 /* Products */,
			);
			sourceTree = "<group>";
		};
		EA2A0FF9266BD995009C5980 /* Products */ = {
			isa = PBXGroup;
			children = (
				EA2A0FF8266BD995009C5980 /* QuizApp.app */,
				EA2A100E266BD99C009C5980 /* QuizAppTests.xctest */,
				EA2A1019266BD99D009C5980 /* QuizAppUITests.xctest */,
			);
			name = Products;
			sourceTree = "<group>";
		};
		EA2A0FFA266BD995009C5980 /* QuizApp */ = {
			isa = PBXGroup;
			children = (
				EA2A102E266BD9AF009C5980 /* GoogleService-Info.plist */,
				EA2A0FFB266BD995009C5980 /* AppDelegate.swift */,
				EA2A0FFD266BD995009C5980 /* SceneDelegate.swift */,
				EA2A0FFF266BD995009C5980 /* ViewController.swift */,
				EA2A1001266BD995009C5980 /* Main.storyboard */,
				EA2A1004266BD99C009C5980 /* Assets.xcassets */,
				EA2A1006266BD99C009C5980 /* LaunchScreen.storyboard */,
				EA2A1009266BD99C009C5980 /* Info.plist */,
			);
			path = QuizApp;
			sourceTree = "<group>";
		};
		EA2A1011266BD99C009C5980 /* QuizAppTests */ = {
			isa = PBXGroup;
			children = (
				EA2A1012266BD99C009C5980 /* QuizAppTests.swift */,
				EA2A1014266BD99C009C5980 /* Info.plist */,
			);
			path = QuizAppTests;
			sourceTree = "<group>";
		};
		EA2A101C266BD99D009C5980 /* QuizAppUITests */ = {
			isa = PBXGroup;
			children = (
				EA2A101D266BD99D009C5980 /* QuizAppUITests.swift */,
				EA2A101F266BD99D009C5980 /* Info.plist */,
			);
			path = QuizAppUITests;
			sourceTree = "<group>";
		};
/* End PBXGroup section */

/* Begin PBXNativeTarget section */
		EA2A0FF7266BD995009C5980 /* QuizApp */ = {
			isa = PBXNativeTarget;
			buildConfigurationList = EA2A1022266BD99D009C5980 /* Build configuration list for PBXNativeTarget "QuizApp" */;
			buildPhases = (
				EA2A0FF4266BD995009C5980 /* Sources */,
				EA2A0FF5266BD995009C5980 /* Frameworks */,
				EA2A0FF6266BD995009C5980 /* Resources */,
			);
			buildRules = (
			);
			dependencies = (
			);
			name = QuizApp;
			productName = QuizApp;
			productReference = EA2A0FF8266BD995009C5980 /* QuizApp.app */;
			productType = "com.apple.product-type.application";
		};
		EA2A100D266BD99C009C5980 /* QuizAppTests */ = {
			isa = PBXNativeTarget;
			buildConfigurationList = EA2A1025266BD99D009C5980 /* Build configuration list for PBXNativeTarget "QuizAppTests" */;
			buildPhases = (
				EA2A100A266BD99C009C5980 /* Sources */,
				EA2A100B266BD99C009C5980 /* Frameworks */,
				EA2A100C266BD99C009C5980 /* Resources */,
			);
			buildRules = (
			);
			dependencies = (
				EA2A1010266BD99C009C5980 /* PBXTargetDependency */,
			);
			name = QuizAppTests;
			productName = QuizAppTests;
			productReference = EA2A100E266BD99C009C5980 /* QuizAppTests.xctest */;
			productType = "com.apple.product-type.bundle.unit-test";
		};
		EA2A1018266BD99D009C5980 /* QuizAppUITests */ = {
			isa = PBXNativeTarget;
			buildConfigurationList = EA2A1028266BD99D009C5980 /* Build configuration list for PBXNativeTarget "QuizAppUITests" */;
			buildPhases = (
				EA2A1015266BD99D009C5980 /* Sources */,
				EA2A1016266BD99D009C5980 /* Frameworks */,
				EA2A1017266BD99D009C5980 /* Resources */,
			);
			buildRules = (
			);
			dependencies = (
				EA2A101B266BD99D009C5980 /* PBXTargetDependency */,
			);
			name = QuizAppUITests;
			productName = QuizAppUITests;
			productReference = EA2A1019266BD99D009C5980 /* QuizAppUITests.xctest */;
			productType = "com.apple.product-type.bundle.ui-testing";
		};
/* End PBXNativeTarget section */

/* Begin PBXProject section */
		EA2A0FF0266BD995009C5980 /* Project object */ = {
			isa = PBXProject;
			attributes = {
				LastSwiftUpdateCheck = 1240;
				LastUpgradeCheck = 1240;
				TargetAttributes = {
					EA2A0FF7266BD995009C5980 = {
						CreatedOnToolsVersion = 12.4;
					};
					EA2A100D266BD99C009C5980 = {
						CreatedOnToolsVersion = 12.4;
						TestTargetID = EA2A0FF7266BD995009C5980;
					};
					EA2A1018266BD99D009C5980 = {
						CreatedOnToolsVersion = 12.4;
						TestTargetID = EA2A0FF7266BD995009C5980;
					};
				};
			};
			buildConfigurationList = EA2A0FF3266BD995009C5980 /* Build configuration list for PBXProject "QuizApp" */;
			compatibilityVersion = "Xcode 9.3";
			developmentRegion = en;
			hasScannedForEncodings = 0;
			knownRegions = (
				en,
				Base,
			);
			mainGroup = EA2A0FEF266BD995009C5980;
			productRefGroup = EA2A0FF9266BD995009C5980 /* Products */;
			projectDirPath = "";
			projectRoot = "";
			targets = (
				EA2A0FF7266BD995009C5980 /* QuizApp */,
				EA2A100D266BD99C009C5980 /* QuizAppTests */,
				EA2A1018266BD99D009C5980 /* QuizAppUITests */,
			);
		};
/* End PBXProject section */

/* Begin PBXResourcesBuildPhase section */
		EA2A0FF6266BD995009C5980 /* Resources */ = {
			isa = PBXResourcesBuildPhase;
			buildActionMask = 2147483647;
			files = (
				EA2A1008266BD99C009C5980 /* LaunchScreen.storyboard in Resources */,
				EA2A102F266BD9AF009C5980 /* GoogleService-Info.plist in Resources */,
				EA2A1005266BD99C009C5980 /* Assets.xcassets in Resources */,
				EA2A1003266BD995009C5980 /* Main.storyboard in Resources */,
			);
			runOnlyForDeploymentPostprocessing = 0;
		};
		EA2A100C266BD99C009C5980 /* Resources */ = {
			isa = PBXResourcesBuildPhase;
			buildActionMask = 2147483647;
			files = (
			);
			runOnlyForDeploymentPostprocessing = 0;
		};
		EA2A1017266BD99D009C5980 /* Resources */ = {
			isa = PBXResourcesBuildPhase;
			buildActionMask = 2147483647;
			files = (
			);
			runOnlyForDeploymentPostprocessing = 0;
		};
/* End PBXResourcesBuildPhase section */

/* Begin PBXSourcesBuildPhase section */
		EA2A0FF4266BD995009C5980 /* Sources */ = {
			isa = PBXSourcesBuildPhase;
			buildActionMask = 2147483647;
			files = (
				EA2A1000266BD995009C5980 /* ViewController.swift in Sources */,
				EA2A0FFC266BD995009C5980 /* AppDelegate.swift in Sources */,
				EA2A0FFE266BD995009C5980 /* SceneDelegate.swift in Sources */,
			);
			runOnlyForDeploymentPostprocessing = 0;
		};
		EA2A100A266BD99C009C5980 /* Sources */ = {
			isa = PBXSourcesBuildPhase;
			buildActionMask = 2147483647;
			files = (
				EA2A1013266BD99C009C5980 /* QuizAppTests.swift in Sources */,
			);
			runOnlyForDeploymentPostprocessing = 0;
		};
		EA2A1015266BD99D009C5980 /* Sources */ = {
			isa = PBXSourcesBuildPhase;
			buildActionMask = 2147483647;
			files = (
				EA2A101E266BD99D009C5980 /* QuizAppUITests.swift in Sources */,
			);
			runOnlyForDeploymentPostprocessing = 0;
		};
/* End PBXSourcesBuildPhase section */

/* Begin PBXTargetDependency section */
		EA2A1010266BD99C009C5980 /* PBXTargetDependency */ = {
			isa = PBXTargetDependency;
			target = EA2A0FF7266BD995009C5980 /* QuizApp */;
			targetProxy = EA2A100F266BD99C009C5980 /* PBXContainerItemProxy */;
		};
		EA2A101B266BD99D009C5980 /* PBXTargetDependency */ = {
			isa = PBXTargetDependency;
			target = EA2A0FF7266BD995009C5980 /* QuizApp */;
			targetProxy = EA2A101A266BD99D009C5980 /* PBXContainerItemProxy */;
		};
/* End PBXTargetDependency section */

/* Begin PBXVariantGroup section */
		EA2A1001266BD995009C5980 /* Main.storyboard */ = {
			isa = PBXVariantGroup;
			children = (
				EA2A1002266BD995009C5980 /* Base */,
			);
			name = Main.storyboard;
			sourceTree = "<group>";
		};
		EA2A1006266BD99C009C5980 /* LaunchScreen.storyboard */ = {
			isa = PBXVariantGroup;
			children = (
				EA2A1007266BD99C009C5980 /* Base */,
			);
			name = LaunchScreen.storyboard;
			sourceTree = "<group>";
		};
/* End PBXVariantGroup section */

/* Begin XCBuildConfiguration section */
		EA2A1020266BD99D009C5980 /* Debug */ = {
			isa = XCBuildConfiguration;
			buildSettings = {
				ALWAYS_SEARCH_USER_PATHS = NO;
				CLANG_ANALYZER_NONNULL = YES;
				CLANG_ANALYZER_NUMBER_OBJECT_CONVERSION = YES_AGGRESSIVE;
				CLANG_CXX_LANGUAGE_STANDARD = "gnu++14";
				CLANG_CXX_LIBRARY = "libc++";
				CLANG_ENABLE_MODULES = YES;
				CLANG_ENABLE_OBJC_ARC = YES;
				CLANG_ENABLE_OBJC_WEAK = YES;
				CLANG_WARN_BLOCK_CAPTURE_AUTORELEASING = YES;
				CLANG_WARN_BOOL_CONVERSION = YES;
				CLANG_WARN_COMMA = YES;
				CLANG_WARN_CONSTANT_CONVERSION = YES;
				CLANG_WARN_DEPRECATED_OBJC_IMPLEMENTATIONS = YES;
				CLANG_WARN_DIRECT_OBJC_ISA_USAGE = YES_ERROR;
				CLANG_WARN_DOCUMENTATION_COMMENTS = YES;
				CLANG_WARN_EMPTY_BODY = YES;
				CLANG_WARN_ENUM_CONVERSION = YES;
				CLANG_WARN_INFINITE_RECURSION = YES;
				CLANG_WARN_INT_CONVERSION = YES;
				CLANG_WARN_NON_LITERAL_NULL_CONVERSION = YES;
				CLANG_WARN_OBJC_IMPLICIT_RETAIN_SELF = YES;
				CLANG_WARN_OBJC_LITERAL_CONVERSION = YES;
				CLANG_WARN_OBJC_ROOT_CLASS = YES_ERROR;
				CLANG_WARN_QUOTED_INCLUDE_IN_FRAMEWORK_HEADER = YES;
				CLANG_WARN_RANGE_LOOP_ANALYSIS = YES;
				CLANG_WARN_STRICT_PROTOTYPES = YES;
				CLANG_WARN_SUSPICIOUS_MOVE = YES;
				CLANG_WARN_UNGUARDED_AVAILABILITY = YES_AGGRESSIVE;
				CLANG_WARN_UNREACHABLE_CODE = YES;
				CLANG_WARN__DUPLICATE_METHOD_MATCH = YES;
				COPY_PHASE_STRIP = NO;
				DEBUG_INFORMATION_FORMAT = dwarf;
				ENABLE_STRICT_OBJC_MSGSEND = YES;
				ENABLE_TESTABILITY = YES;
				GCC_C_LANGUAGE_STANDARD = gnu11;
				GCC_DYNAMIC_NO_PIC = NO;
				GCC_NO_COMMON_BLOCKS = YES;
				GCC_OPTIMIZATION_LEVEL = 0;
				GCC_PREPROCESSOR_DEFINITIONS = (
					"DEBUG=1",
					"$(inherited)",
				);
				GCC_WARN_64_TO_32_BIT_CONVERSION = YES;
				GCC_WARN_ABOUT_RETURN_TYPE = YES_ERROR;
				GCC_WARN_UNDECLARED_SELECTOR = YES;
				GCC_WARN_UNINITIALIZED_AUTOS = YES_AGGRESSIVE;
				GCC_WARN_UNUSED_FUNCTION = YES;
				GCC_WARN_UNUSED_VARIABLE = YES;
				IPHONEOS_DEPLOYMENT_TARGET = 14.4;
				MTL_ENABLE_DEBUG_INFO = INCLUDE_SOURCE;
				MTL_FAST_MATH = YES;
				ONLY_ACTIVE_ARCH = YES;
				SDKROOT = iphoneos;
				SWIFT_ACTIVE_COMPILATION_CONDITIONS = DEBUG;
				SWIFT_OPTIMIZATION_LEVEL = "-Onone";
			};
			name = Debug;
		};
		EA2A1021266BD99D009C5980 /* Release */ = {
			isa = XCBuildConfiguration;
			buildSettings = {
				ALWAYS_SEARCH_USER_PATHS = NO;
				CLANG_ANALYZER_NONNULL = YES;
				CLANG_ANALYZER_NUMBER_OBJECT_CONVERSION = YES_AGGRESSIVE;
				CLANG_CXX_LANGUAGE_STANDARD = "gnu++14";
				CLANG_CXX_LIBRARY = "libc++";
				CLANG_ENABLE_MODULES = YES;
				CLANG_ENABLE_OBJC_ARC = YES;
				CLANG_ENABLE_OBJC_WEAK = YES;
				CLANG_WARN_BLOCK_CAPTURE_AUTORELEASING = YES;
				CLANG_WARN_BOOL_CONVERSION = YES;
				CLANG_WARN_COMMA = YES;
				CLANG_WARN_CONSTANT_CONVERSION = YES;
				CLANG_WARN_DEPRECATED_OBJC_IMPLEMENTATIONS = YES;
				CLANG_WARN_DIRECT_OBJC_ISA_USAGE = YES_ERROR;
				CLANG_WARN_DOCUMENTATION_COMMENTS = YES;
				CLANG_WARN_EMPTY_BODY = YES;
				CLANG_WARN_ENUM_CONVERSION = YES;
				CLANG_WARN_INFINITE_RECURSION = YES;
				CLANG_WARN_INT_CONVERSION = YES;
				CLANG_WARN_NON_LITERAL_NULL_CONVERSION = YES;
				CLANG_WARN_OBJC_IMPLICIT_RETAIN_SELF = YES;
				CLANG_WARN_OBJC_LITERAL_CONVERSION = YES;
				CLANG_WARN_OBJC_ROOT_CLASS = YES_ERROR;
				CLANG_WARN_QUOTED_INCLUDE_IN_FRAMEWORK_HEADER = YES;
				CLANG_WARN_RANGE_LOOP_ANALYSIS = YES;
				CLANG_WARN_STRICT_PROTOTYPES = YES;
				CLANG_WARN_SUSPICIOUS_MOVE = YES;
				CLANG_WARN_UNGUARDED_AVAILABILITY = YES_AGGRESSIVE;
				CLANG_WARN_UNREACHABLE_CODE = YES;
				CLANG_WARN__DUPLICATE_METHOD_MATCH = YES;
				COPY_PHASE_STRIP = NO;
				DEBUG_INFORMATION_FORMAT = "dwarf-with-dsym";
				ENABLE_NS_ASSERTIONS = NO;
				ENABLE_STRICT_OBJC_MSGSEND = YES;
				GCC_C_LANGUAGE_STANDARD = gnu11;
				GCC_NO_COMMON_BLOCKS = YES;
				GCC_WARN_64_TO_32_BIT_CONVERSION = YES;
				GCC_WARN_ABOUT_RETURN_TYPE = YES_ERROR;
				GCC_WARN_UNDECLARED_SELECTOR = YES;
				GCC_WARN_UNINITIALIZED_AUTOS = YES_AGGRESSIVE;
				GCC_WARN_UNUSED_FUNCTION = YES;
				GCC_WARN_UNUSED_VARIABLE = YES;
				IPHONEOS_DEPLOYMENT_TARGET = 14.4;
				MTL_ENABLE_DEBUG_INFO = NO;
				MTL_FAST_MATH = YES;
				SDKROOT = iphoneos;
				SWIFT_COMPILATION_MODE = wholemodule;
				SWIFT_OPTIMIZATION_LEVEL = "-O";
				VALIDATE_PRODUCT = YES;
			};
			name = Release;
		};
		EA2A1023266BD99D009C5980 /* Debug */ = {
			isa = XCBuildConfiguration;
			buildSettings = {
				ASSETCATALOG_COMPILER_APPICON_NAME = AppIcon;
				ASSETCATALOG_COMPILER_GLOBAL_ACCENT_COLOR_NAME = AccentColor;
				CODE_SIGN_STYLE = Automatic;
				INFOPLIST_FILE = QuizApp/Info.plist;
				LD_RUNPATH_SEARCH_PATHS = (
					"$(inherited)",
					"@executable_path/Frameworks",
				);
				PRODUCT_BUNDLE_IDENTIFIER = vn.tdc.fit.QuizApp;
				PRODUCT_NAME = "$(TARGET_NAME)";
				SWIFT_VERSION = 5.0;
				TARGETED_DEVICE_FAMILY = "1,2";
			};
			name = Debug;
		};
		EA2A1024266BD99D009C5980 /* Release */ = {
			isa = XCBuildConfiguration;
			buildSettings = {
				ASSETCATALOG_COMPILER_APPICON_NAME = AppIcon;
				ASSETCATALOG_COMPILER_GLOBAL_ACCENT_COLOR_NAME = AccentColor;
				CODE_SIGN_STYLE = Automatic;
				INFOPLIST_FILE = QuizApp/Info.plist;
				LD_RUNPATH_SEARCH_PATHS = (
					"$(inherited)",
					"@executable_path/Frameworks",
				);
				PRODUCT_BUNDLE_IDENTIFIER = vn.tdc.fit.QuizApp;
				PRODUCT_NAME = "$(TARGET_NAME)";
				SWIFT_VERSION = 5.0;
				TARGETED_DEVICE_FAMILY = "1,2";
			};
			name = Release;
		};
		EA2A1026266BD99D009C5980 /* Debug */ = {
			isa = XCBuildConfiguration;
			buildSettings = {
				ALWAYS_EMBED_SWIFT_STANDARD_LIBRARIES = YES;
				BUNDLE_LOADER = "$(TEST_HOST)";
				CODE_SIGN_STYLE = Automatic;
				INFOPLIST_FILE = QuizAppTests/Info.plist;
				IPHONEOS_DEPLOYMENT_TARGET = 14.4;
				LD_RUNPATH_SEARCH_PATHS = (
					"$(inherited)",
					"@executable_path/Frameworks",
					"@loader_path/Frameworks",
				);
				PRODUCT_BUNDLE_IDENTIFIER = vn.tdc.fit.QuizAppTests;
				PRODUCT_NAME = "$(TARGET_NAME)";
				SWIFT_VERSION = 5.0;
				TARGETED_DEVICE_FAMILY = "1,2";
				TEST_HOST = "$(BUILT_PRODUCTS_DIR)/QuizApp.app/QuizApp";
			};
			name = Debug;
		};
		EA2A1027266BD99D009C5980 /* Release */ = {
			isa = XCBuildConfiguration;
			buildSettings = {
				ALWAYS_EMBED_SWIFT_STANDARD_LIBRARIES = YES;
				BUNDLE_LOADER = "$(TEST_HOST)";
				CODE_SIGN_STYLE = Automatic;
				INFOPLIST_FILE = QuizAppTests/Info.plist;
				IPHONEOS_DEPLOYMENT_TARGET = 14.4;
				LD_RUNPATH_SEARCH_PATHS = (
					"$(inherited)",
					"@executable_path/Frameworks",
					"@loader_path/Frameworks",
				);
				PRODUCT_BUNDLE_IDENTIFIER = vn.tdc.fit.QuizAppTests;
				PRODUCT_NAME = "$(TARGET_NAME)";
				SWIFT_VERSION = 5.0;
				TARGETED_DEVICE_FAMILY = "1,2";
				TEST_HOST = "$(BUILT_PRODUCTS_DIR)/QuizApp.app/QuizApp";
			};
			name = Release;
		};
		EA2A1029266BD99D009C5980 /* Debug */ = {
			isa = XCBuildConfiguration;
			buildSettings = {
				ALWAYS_EMBED_SWIFT_STANDARD_LIBRARIES = YES;
				CODE_SIGN_STYLE = Automatic;
				INFOPLIST_FILE = QuizAppUITests/Info.plist;
				LD_RUNPATH_SEARCH_PATHS = (
					"$(inherited)",
					"@executable_path/Frameworks",
					"@loader_path/Frameworks",
				);
				PRODUCT_BUNDLE_IDENTIFIER = vn.tdc.fit.QuizAppUITests;
				PRODUCT_NAME = "$(TARGET_NAME)";
				SWIFT_VERSION = 5.0;
				TARGETED_DEVICE_FAMILY = "1,2";
				TEST_TARGET_NAME = QuizApp;
			};
			name = Debug;
		};
		EA2A102A266BD99D009C5980 /* Release */ = {
			isa = XCBuildConfiguration;
			buildSettings = {
				ALWAYS_EMBED_SWIFT_STANDARD_LIBRARIES = YES;
				CODE_SIGN_STYLE = Automatic;
				INFOPLIST_FILE = QuizAppUITests/Info.plist;
				LD_RUNPATH_SEARCH_PATHS = (
					"$(inherited)",
					"@executable_path/Frameworks",
					"@loader_path/Frameworks",
				);
				PRODUCT_BUNDLE_IDENTIFIER = vn.tdc.fit.QuizAppUITests;
				PRODUCT_NAME = "$(TARGET_NAME)";
				SWIFT_VERSION = 5.0;
				TARGETED_DEVICE_FAMILY = "1,2";
				TEST_TARGET_NAME = QuizApp;
			};
			name = Release;
		};
/* End XCBuildConfiguration section */

/* Begin XCConfigurationList section */
		EA2A0FF3266BD995009C5980 /* Build configuration list for PBXProject "QuizApp" */ = {
			isa = XCConfigurationList;
			buildConfigurations = (
				EA2A1020266BD99D009C5980 /* Debug */,
				EA2A1021266BD99D009C5980 /* Release */,
			);
			defaultConfigurationIsVisible = 0;
			defaultConfigurationName = Release;
		};
		EA2A1022266BD99D009C5980 /* Build configuration list for PBXNativeTarget "QuizApp" */ = {
			isa = XCConfigurationList;
			buildConfigurations = (
				EA2A1023266BD99D009C5980 /* Debug */,
				EA2A1024266BD99D009C5980 /* Release */,
			);
			defaultConfigurationIsVisible = 0;
			defaultConfigurationName = Release;
		};
		EA2A1025266BD99D009C5980 /* Build configuration list for PBXNativeTarget "QuizAppTests" */ = {
			isa = XCConfigurationList;
			buildConfigurations = (
				EA2A1026266BD99D009C5980 /* Debug */,
				EA2A1027266BD99D009C5980 /* Release */,
			);
			defaultConfigurationIsVisible = 0;
			defaultConfigurationName = Release;
		};
		EA2A1028266BD99D009C5980 /* Build configuration list for PBXNativeTarget "QuizAppUITests" */ = {
			isa = XCConfigurationList;
			buildConfigurations = (
				EA2A1029266BD99D009C5980 /* Debug */,
				EA2A102A266BD99D009C5980 /* Release */,
			);
			defaultConfigurationIsVisible = 0;
			defaultConfigurationName = Release;
		};
/* End XCConfigurationList section */
	};
	rootObject = EA2A0FF0266BD995009C5980 /* Project object */;
}
