// !$*UTF8*$!
{
	archiveVersion = 1;
	classes = {
	};
	objectVersion = 51;
	objects = {

/* Begin PBXBuildFile section */
		4ED8A442EEFAFC50E44D6999 /* Pods_QuizApp_QuizAppUITests.framework in Frameworks */ = {isa = PBXBuildFile; fileRef = DEA0BC8B8E2995DF29F5A1DE /* Pods_QuizApp_QuizAppUITests.framework */; };
		4FBA6920AFF2FE83964058E3 /* Pods_QuizApp.framework in Frameworks */ = {isa = PBXBuildFile; fileRef = D1C6B884E7A3430BFFFD90B2 /* Pods_QuizApp.framework */; };
		D23BC9EADC0B8C50FF12E968 /* Pods_QuizAppTests.framework in Frameworks */ = {isa = PBXBuildFile; fileRef = D6A57A3648F47EC43C782B1B /* Pods_QuizAppTests.framework */; };
		EA2A0FFC266BD995009C5980 /* AppDelegate.swift in Sources */ = {isa = PBXBuildFile; fileRef = EA2A0FFB266BD995009C5980 /* AppDelegate.swift */; };
		EA2A0FFE266BD995009C5980 /* SceneDelegate.swift in Sources */ = {isa = PBXBuildFile; fileRef = EA2A0FFD266BD995009C5980 /* SceneDelegate.swift */; };
		EA2A1000266BD995009C5980 /* ViewController.swift in Sources */ = {isa = PBXBuildFile; fileRef = EA2A0FFF266BD995009C5980 /* ViewController.swift */; };
		EA2A1003266BD995009C5980 /* Main.storyboard in Resources */ = {isa = PBXBuildFile; fileRef = EA2A1001266BD995009C5980 /* Main.storyboard */; };
		EA2A1005266BD99C009C5980 /* Assets.xcassets in Resources */ = {isa = PBXBuildFile; fileRef = EA2A1004266BD99C009C5980 /* Assets.xcassets */; };
		EA2A1008266BD99C009C5980 /* LaunchScreen.storyboard in Resources */ = {isa = PBXBuildFile; fileRef = EA2A1006266BD99C009C5980 /* LaunchScreen.storyboard */; };
		EA2A1013266BD99C009C5980 /* QuizAppTests.swift in Sources */ = {isa = PBXBuildFile; fileRef = EA2A1012266BD99C009C5980 /* QuizAppTests.swift */; };
		EA2A101E266BD99D009C5980 /* QuizAppUITests.swift in Sources */ = {isa = PBXBuildFile; fileRef = EA2A101D266BD99D009C5980 /* QuizAppUITests.swift */; };
		EA2A1058266BE1FE009C5980 /* GoogleService-Info.plist in Resources */ = {isa = PBXBuildFile; fileRef = EA2A1057266BE1FE009C5980 /* GoogleService-Info.plist */; };
/* End PBXBuildFile section */

/* Begin PBXContainerItemProxy section */
		EA2A100F266BD99C009C5980 /* PBXContainerItemProxy */ = {
			isa = PBXContainerItemProxy;
			containerPortal = EA2A0FF0266BD995009C5980 /* Project object */;
			proxyType = 1;
			remoteGlobalIDString = EA2A0FF7266BD995009C5980;
			remoteInfo = QuizApp;
		};
		EA2A101A266BD99D009C5980 /* PBXContainerItemProxy */ = {
			isa = PBXContainerItemProxy;
			containerPortal = EA2A0FF0266BD995009C5980 /* Project object */;
			proxyType = 1;
			remoteGlobalIDString = EA2A0FF7266BD995009C5980;
			remoteInfo = QuizApp;
		};
/* End PBXContainerItemProxy section */

/* Begin PBXFileReference section */
		11D5C22110FD6FD72FBE71CE /* Pods-QuizAppTests.debug.xcconfig */ = {isa = PBXFileReference; includeInIndex = 1; lastKnownFileType = text.xcconfig; name = "Pods-QuizAppTests.debug.xcconfig"; path = "Target Support Files/Pods-QuizAppTests/Pods-QuizAppTests.debug.xcconfig"; sourceTree = "<group>"; };
		96373BD5DD9D545BDEA9ED6D /* Pods-QuizApp-QuizAppUITests.debug.xcconfig */ = {isa = PBXFileReference; includeInIndex = 1; lastKnownFileType = text.xcconfig; name = "Pods-QuizApp-QuizAppUITests.debug.xcconfig"; path = "Target Support Files/Pods-QuizApp-QuizAppUITests/Pods-QuizApp-QuizAppUITests.debug.xcconfig"; sourceTree = "<group>"; };
		B41ED42B63B3DF2BD6941C0C /* Pods-QuizApp.release.xcconfig */ = {isa = PBXFileReference; includeInIndex = 1; lastKnownFileType = text.xcconfig; name = "Pods-QuizApp.release.xcconfig"; path = "Target Support Files/Pods-QuizApp/Pods-QuizApp.release.xcconfig"; sourceTree = "<group>"; };
		D1C6B884E7A3430BFFFD90B2 /* Pods_QuizApp.framework */ = {isa = PBXFileReference; explicitFileType = wrapper.framework; includeInIndex = 0; path = Pods_QuizApp.framework; sourceTree = BUILT_PRODUCTS_DIR; };
		D6A57A3648F47EC43C782B1B /* Pods_QuizAppTests.framework */ = {isa = PBXFileReference; explicitFileType = wrapper.framework; includeInIndex = 0; path = Pods_QuizAppTests.framework; sourceTree = BUILT_PRODUCTS_DIR; };
		DEA0BC8B8E2995DF29F5A1DE /* Pods_QuizApp_QuizAppUITests.framework */ = {isa = PBXFileReference; explicitFileType = wrapper.framework; includeInIndex = 0; path = Pods_QuizApp_QuizAppUITests.framework; sourceTree = BUILT_PRODUCTS_DIR; };
		EA2A0FF8266BD995009C5980 /* QuizApp.app */ = {isa = PBXFileReference; explicitFileType = wrapper.application; includeInIndex = 0; path = QuizApp.app; sourceTree = BUILT_PRODUCTS_DIR; };
		EA2A0FFB266BD995009C5980 /* AppDelegate.swift */ = {isa = PBXFileReference; lastKnownFileType = sourcecode.swift; path = AppDelegate.swift; sourceTree = "<group>"; };
		EA2A0FFD266BD995009C5980 /* SceneDelegate.swift */ = {isa = PBXFileReference; lastKnownFileType = sourcecode.swift; path = SceneDelegate.swift; sourceTree = "<group>"; };
		EA2A0FFF266BD995009C5980 /* ViewController.swift */ = {isa = PBXFileReference; lastKnownFileType = sourcecode.swift; path = ViewController.swift; sourceTree = "<group>"; };
		EA2A1002266BD995009C5980 /* Base */ = {isa = PBXFileReference; lastKnownFileType = file.storyboard; name = Base; path = Base.lproj/Main.storyboard; sourceTree = "<group>"; };
		EA2A1004266BD99C009C5980 /* Assets.xcassets */ = {isa = PBXFileReference; lastKnownFileType = folder.assetcatalog; path = Assets.xcassets; sourceTree = "<group>"; };
		EA2A1007266BD99C009C5980 /* Base */ = {isa = PBXFileReference; lastKnownFileType = file.storyboard; name = Base; path = Base.lproj/LaunchScreen.storyboard; sourceTree = "<group>"; };
		EA2A1009266BD99C009C5980 /* Info.plist */ = {isa = PBXFileReference; lastKnownFileType = text.plist.xml; path = Info.plist; sourceTree = "<group>"; };
		EA2A100E266BD99C009C5980 /* QuizAppTests.xctest */ = {isa = PBXFileReference; explicitFileType = wrapper.cfbundle; includeInIndex = 0; path = QuizAppTests.xctest; sourceTree = BUILT_PRODUCTS_DIR; };
		EA2A1012266BD99C009C5980 /* QuizAppTests.swift */ = {isa = PBXFileReference; lastKnownFileType = sourcecode.swift; path = QuizAppTests.swift; sourceTree = "<group>"; };
		EA2A1014266BD99C009C5980 /* Info.plist */ = {isa = PBXFileReference; lastKnownFileType = text.plist.xml; path = Info.plist; sourceTree = "<group>"; };
		EA2A1019266BD99D009C5980 /* QuizAppUITests.xctest */ = {isa = PBXFileReference; explicitFileType = wrapper.cfbundle; includeInIndex = 0; path = QuizAppUITests.xctest; sourceTree = BUILT_PRODUCTS_DIR; };
		EA2A101D266BD99D009C5980 /* QuizAppUITests.swift */ = {isa = PBXFileReference; lastKnownFileType = sourcecode.swift; path = QuizAppUITests.swift; sourceTree = "<group>"; };
		EA2A101F266BD99D009C5980 /* Info.plist */ = {isa = PBXFileReference; lastKnownFileType = text.plist.xml; path = Info.plist; sourceTree = "<group>"; };
		EA2A1057266BE1FE009C5980 /* GoogleService-Info.plist */ = {isa = PBXFileReference; fileEncoding = 4; lastKnownFileType = text.plist.xml; name = "GoogleService-Info.plist"; path = "../../../../../Desktop/GoogleService-Info.plist"; sourceTree = "<group>"; };
		EEA66255DB05B7932FC81E13 /* Pods-QuizApp-QuizAppUITests.release.xcconfig */ = {isa = PBXFileReference; includeInIndex = 1; lastKnownFileType = text.xcconfig; name = "Pods-QuizApp-QuizAppUITests.release.xcconfig"; path = "Target Support Files/Pods-QuizApp-QuizAppUITests/Pods-QuizApp-QuizAppUITests.release.xcconfig"; sourceTree = "<group>"; };
		F6175506758963593552FA7F /* Pods-QuizAppTests.release.xcconfig */ = {isa = PBXFileReference; includeInIndex = 1; lastKnownFileType = text.xcconfig; name = "Pods-QuizAppTests.release.xcconfig"; path = "Target Support Files/Pods-QuizAppTests/Pods-QuizAppTests.release.xcconfig"; sourceTree = "<group>"; };
		FD66EE77A528944816324A62 /* Pods-QuizApp.debug.xcconfig */ = {isa = PBXFileReference; includeInIndex = 1; lastKnownFileType = text.xcconfig; name = "Pods-QuizApp.debug.xcconfig"; path = "Target Support Files/Pods-QuizApp/Pods-QuizApp.debug.xcconfig"; sourceTree = "<group>"; };
/* End PBXFileReference section */

/* Begin PBXFrameworksBuildPhase section */
		EA2A0FF5266BD995009C5980 /* Frameworks */ = {
			isa = PBXFrameworksBuildPhase;
			buildActionMask = 2147483647;
			files = (
				4FBA6920AFF2FE83964058E3 /* Pods_QuizApp.framework in Frameworks */,
			);
			runOnlyForDeploymentPostprocessing = 0;
		};
		EA2A100B266BD99C009C5980 /* Frameworks */ = {
			isa = PBXFrameworksBuildPhase;
			buildActionMask = 2147483647;
			files = (
				D23BC9EADC0B8C50FF12E968 /* Pods_QuizAppTests.framework in Frameworks */,
			);
			runOnlyForDeploymentPostprocessing = 0;
		};
		EA2A1016266BD99D009C5980 /* Frameworks */ = {
			isa = PBXFrameworksBuildPhase;
			buildActionMask = 2147483647;
			files = (
				4ED8A442EEFAFC50E44D6999 /* Pods_QuizApp_QuizAppUITests.framework in Frameworks */,
			);
			runOnlyForDeploymentPostprocessing = 0;
		};
/* End PBXFrameworksBuildPhase section */

/* Begin PBXGroup section */
		A738E7C0E952351E069334CB /* Frameworks */ = {
			isa = PBXGroup;
			children = (
				D1C6B884E7A3430BFFFD90B2 /* Pods_QuizApp.framework */,
				DEA0BC8B8E2995DF29F5A1DE /* Pods_QuizApp_QuizAppUITests.framework */,
				D6A57A3648F47EC43C782B1B /* Pods_QuizAppTests.framework */,
			);
			name = Frameworks;
			sourceTree = "<group>";
		};
		C2E7D1A1BB33041D0451F2A4 /* Pods */ = {
			isa = PBXGroup;
			children = (
				FD66EE77A528944816324A62 /* Pods-QuizApp.debug.xcconfig */,
				B41ED42B63B3DF2BD6941C0C /* Pods-QuizApp.release.xcconfig */,
				96373BD5DD9D545BDEA9ED6D /* Pods-QuizApp-QuizAppUITests.debug.xcconfig */,
				EEA66255DB05B7932FC81E13 /* Pods-QuizApp-QuizAppUITests.release.xcconfig */,
				11D5C22110FD6FD72FBE71CE /* Pods-QuizAppTests.debug.xcconfig */,
				F6175506758963593552FA7F /* Pods-QuizAppTests.release.xcconfig */,
			);
			path = Pods;
			sourceTree = "<group>";
		};
		EA2A0FEF266BD995009C5980 = {
			isa = PBXGroup;
			children = (
				EA2A0FFA266BD995009C5980 /* QuizApp */,
				EA2A1011266BD99C009C5980 /* QuizAppTests */,
				EA2A101C266BD99D009C5980 /* QuizAppUITests */,
				EA2A0FF9266BD995009C5980 /* Products */,
				C2E7D1A1BB33041D0451F2A4 /* Pods */,
				A738E7C0E952351E069334CB /* Frameworks */,
			);
			sourceTree = "<group>";
		};
		EA2A0FF9266BD995009C5980 /* Products */ = {
			isa = PBXGroup;
			children = (
				EA2A0FF8266BD995009C5980 /* QuizApp.app */,
				EA2A100E266BD99C009C5980 /* QuizAppTests.xctest */,
				EA2A1019266BD99D009C5980 /* QuizAppUITests.xctest */,
			);
			name = Products;
			sourceTree = "<group>";
		};
		EA2A0FFA266BD995009C5980 /* QuizApp */ = {
			isa = PBXGroup;
			children = (
				EAAB9D98266CCF83009268B9 /* View */,
				EA2A1057266BE1FE009C5980 /* GoogleService-Info.plist */,
				EA2A0FFB266BD995009C5980 /* AppDelegate.swift */,
				EA2A1004266BD99C009C5980 /* Assets.xcassets */,
				EA2A1006266BD99C009C5980 /* LaunchScreen.storyboard */,
				EA2A1009266BD99C009C5980 /* Info.plist */,
				EA2A107C266BE42D009C5980 /* System File */,
				EA2A0FFD266BD995009C5980 /* SceneDelegate.swift */,
				EA2A0FFF266BD995009C5980 /* ViewController.swift */,
				EA2A1001266BD995009C5980 /* Main.storyboard */,
			);
			path = QuizApp;
			sourceTree = "<group>";
		};
		EA2A1011266BD99C009C5980 /* QuizAppTests */ = {
			isa = PBXGroup;
			children = (
				EA2A1012266BD99C009C5980 /* QuizAppTests.swift */,
				EA2A1014266BD99C009C5980 /* Info.plist */,
			);
			path = QuizAppTests;
			sourceTree = "<group>";
		};
		EA2A101C266BD99D009C5980 /* QuizAppUITests */ = {
			isa = PBXGroup;
			children = (
				EA2A101D266BD99D009C5980 /* QuizAppUITests.swift */,
				EA2A101F266BD99D009C5980 /* Info.plist */,
			);
			path = QuizAppUITests;
			sourceTree = "<group>";
		};
		EA2A107C266BE42D009C5980 /* System File */ = {
			isa = PBXGroup;
			children = (
			);
			path = "System File";
			sourceTree = "<group>";
		};
		EAAB9D98266CCF83009268B9 /* View */ = {
			isa = PBXGroup;
			children = (
			);
			path = View;
			sourceTree = "<group>";
		};
/* End PBXGroup section */

/* Begin PBXNativeTarget section */
		EA2A0FF7266BD995009C5980 /* QuizApp */ = {
			isa = PBXNativeTarget;
			buildConfigurationList = EA2A1022266BD99D009C5980 /* Build configuration list for PBXNativeTarget "QuizApp" */;
			buildPhases = (
				5ACADE374DFD4526267DDEC8 /* [CP] Check Pods Manifest.lock */,
				EA2A0FF4266BD995009C5980 /* Sources */,
				EA2A0FF5266BD995009C5980 /* Frameworks */,
				EA2A0FF6266BD995009C5980 /* Resources */,
				BE4F7D3595394D04FFA8B2D8 /* [CP] Embed Pods Frameworks */,
			);
			buildRules = (
			);
			dependencies = (
			);
			name = QuizApp;
			productName = QuizApp;
			productReference = EA2A0FF8266BD995009C5980 /* QuizApp.app */;
			productType = "com.apple.product-type.application";
		};
		EA2A100D266BD99C009C5980 /* QuizAppTests */ = {
			isa = PBXNativeTarget;
			buildConfigurationList = EA2A1025266BD99D009C5980 /* Build configuration list for PBXNativeTarget "QuizAppTests" */;
			buildPhases = (
				C00E3EFE054C936AB0DA677E /* [CP] Check Pods Manifest.lock */,
				EA2A100A266BD99C009C5980 /* Sources */,
				EA2A100B266BD99C009C5980 /* Frameworks */,
				EA2A100C266BD99C009C5980 /* Resources */,
			);
			buildRules = (
			);
			dependencies = (
				EA2A1010266BD99C009C5980 /* PBXTargetDependency */,
			);
			name = QuizAppTests;
			productName = QuizAppTests;
			productReference = EA2A100E266BD99C009C5980 /* QuizAppTests.xctest */;
			productType = "com.apple.product-type.bundle.unit-test";
		};
		EA2A1018266BD99D009C5980 /* QuizAppUITests */ = {
			isa = PBXNativeTarget;
			buildConfigurationList = EA2A1028266BD99D009C5980 /* Build configuration list for PBXNativeTarget "QuizAppUITests" */;
			buildPhases = (
				D4C58D5F4659F7B9317C72ED /* [CP] Check Pods Manifest.lock */,
				EA2A1015266BD99D009C5980 /* Sources */,
				EA2A1016266BD99D009C5980 /* Frameworks */,
				EA2A1017266BD99D009C5980 /* Resources */,
				FD7C61682CB611093614C82C /* [CP] Embed Pods Frameworks */,
			);
			buildRules = (
			);
			dependencies = (
				EA2A101B266BD99D009C5980 /* PBXTargetDependency */,
			);
			name = QuizAppUITests;
			productName = QuizAppUITests;
			productReference = EA2A1019266BD99D009C5980 /* QuizAppUITests.xctest */;
			productType = "com.apple.product-type.bundle.ui-testing";
		};
/* End PBXNativeTarget section */

/* Begin PBXProject section */
		EA2A0FF0266BD995009C5980 /* Project object */ = {
			isa = PBXProject;
			attributes = {
				LastSwiftUpdateCheck = 1240;
				LastUpgradeCheck = 1240;
				TargetAttributes = {
					EA2A0FF7266BD995009C5980 = {
						CreatedOnToolsVersion = 12.4;
					};
					EA2A100D266BD99C009C5980 = {
						CreatedOnToolsVersion = 12.4;
						TestTargetID = EA2A0FF7266BD995009C5980;
					};
					EA2A1018266BD99D009C5980 = {
						CreatedOnToolsVersion = 12.4;
						TestTargetID = EA2A0FF7266BD995009C5980;
					};
				};
			};
			buildConfigurationList = EA2A0FF3266BD995009C5980 /* Build configuration list for PBXProject "QuizApp" */;
			compatibilityVersion = "Xcode 9.3";
			developmentRegion = en;
			hasScannedForEncodings = 0;
			knownRegions = (
				en,
				Base,
			);
			mainGroup = EA2A0FEF266BD995009C5980;
			productRefGroup = EA2A0FF9266BD995009C5980 /* Products */;
			projectDirPath = "";
			projectRoot = "";
			targets = (
				EA2A0FF7266BD995009C5980 /* QuizApp */,
				EA2A100D266BD99C009C5980 /* QuizAppTests */,
				EA2A1018266BD99D009C5980 /* QuizAppUITests */,
			);
		};
/* End PBXProject section */

/* Begin PBXResourcesBuildPhase section */
		EA2A0FF6266BD995009C5980 /* Resources */ = {
			isa = PBXResourcesBuildPhase;
			buildActionMask = 2147483647;
			files = (
				EA2A1008266BD99C009C5980 /* LaunchScreen.storyboard in Resources */,
				EA2A1058266BE1FE009C5980 /* GoogleService-Info.plist in Resources */,
				EA2A1005266BD99C009C5980 /* Assets.xcassets in Resources */,
				EA2A1003266BD995009C5980 /* Main.storyboard in Resources */,
			);
			runOnlyForDeploymentPostprocessing = 0;
		};
		EA2A100C266BD99C009C5980 /* Resources */ = {
			isa = PBXResourcesBuildPhase;
			buildActionMask = 2147483647;
			files = (
			);
			runOnlyForDeploymentPostprocessing = 0;
		};
		EA2A1017266BD99D009C5980 /* Resources */ = {
			isa = PBXResourcesBuildPhase;
			buildActionMask = 2147483647;
			files = (
			);
			runOnlyForDeploymentPostprocessing = 0;
		};
/* End PBXResourcesBuildPhase section */

/* Begin PBXShellScriptBuildPhase section */
		5ACADE374DFD4526267DDEC8 /* [CP] Check Pods Manifest.lock */ = {
			isa = PBXShellScriptBuildPhase;
			buildActionMask = 2147483647;
			files = (
			);
			inputFileListPaths = (
			);
			inputPaths = (
				"${PODS_PODFILE_DIR_PATH}/Podfile.lock",
				"${PODS_ROOT}/Manifest.lock",
			);
			name = "[CP] Check Pods Manifest.lock";
			outputFileListPaths = (
			);
			outputPaths = (
				"$(DERIVED_FILE_DIR)/Pods-QuizApp-checkManifestLockResult.txt",
			);
			runOnlyForDeploymentPostprocessing = 0;
			shellPath = /bin/sh;
			shellScript = "diff \"${PODS_PODFILE_DIR_PATH}/Podfile.lock\" \"${PODS_ROOT}/Manifest.lock\" > /dev/null\nif [ $? != 0 ] ; then\n    # print error to STDERR\n    echo \"error: The sandbox is not in sync with the Podfile.lock. Run 'pod install' or update your CocoaPods installation.\" >&2\n    exit 1\nfi\n# This output is used by Xcode 'outputs' to avoid re-running this script phase.\necho \"SUCCESS\" > \"${SCRIPT_OUTPUT_FILE_0}\"\n";
			showEnvVarsInLog = 0;
		};
		BE4F7D3595394D04FFA8B2D8 /* [CP] Embed Pods Frameworks */ = {
			isa = PBXShellScriptBuildPhase;
			buildActionMask = 2147483647;
			files = (
			);
			inputFileListPaths = (
				"${PODS_ROOT}/Target Support Files/Pods-QuizApp/Pods-QuizApp-frameworks-${CONFIGURATION}-input-files.xcfilelist",
			);
			name = "[CP] Embed Pods Frameworks";
			outputFileListPaths = (
				"${PODS_ROOT}/Target Support Files/Pods-QuizApp/Pods-QuizApp-frameworks-${CONFIGURATION}-output-files.xcfilelist",
			);
			runOnlyForDeploymentPostprocessing = 0;
			shellPath = /bin/sh;
			shellScript = "\"${PODS_ROOT}/Target Support Files/Pods-QuizApp/Pods-QuizApp-frameworks.sh\"\n";
			showEnvVarsInLog = 0;
		};
		C00E3EFE054C936AB0DA677E /* [CP] Check Pods Manifest.lock */ = {
			isa = PBXShellScriptBuildPhase;
			buildActionMask = 2147483647;
			files = (
			);
			inputFileListPaths = (
			);
			inputPaths = (
				"${PODS_PODFILE_DIR_PATH}/Podfile.lock",
				"${PODS_ROOT}/Manifest.lock",
			);
			name = "[CP] Check Pods Manifest.lock";
			outputFileListPaths = (
			);
			outputPaths = (
				"$(DERIVED_FILE_DIR)/Pods-QuizAppTests-checkManifestLockResult.txt",
			);
			runOnlyForDeploymentPostprocessing = 0;
			shellPath = /bin/sh;
			shellScript = "diff \"${PODS_PODFILE_DIR_PATH}/Podfile.lock\" \"${PODS_ROOT}/Manifest.lock\" > /dev/null\nif [ $? != 0 ] ; then\n    # print error to STDERR\n    echo \"error: The sandbox is not in sync with the Podfile.lock. Run 'pod install' or update your CocoaPods installation.\" >&2\n    exit 1\nfi\n# This output is used by Xcode 'outputs' to avoid re-running this script phase.\necho \"SUCCESS\" > \"${SCRIPT_OUTPUT_FILE_0}\"\n";
			showEnvVarsInLog = 0;
		};
		D4C58D5F4659F7B9317C72ED /* [CP] Check Pods Manifest.lock */ = {
			isa = PBXShellScriptBuildPhase;
			buildActionMask = 2147483647;
			files = (
			);
			inputFileListPaths = (
			);
			inputPaths = (
				"${PODS_PODFILE_DIR_PATH}/Podfile.lock",
				"${PODS_ROOT}/Manifest.lock",
			);
			name = "[CP] Check Pods Manifest.lock";
			outputFileListPaths = (
			);
			outputPaths = (
				"$(DERIVED_FILE_DIR)/Pods-QuizApp-QuizAppUITests-checkManifestLockResult.txt",
			);
			runOnlyForDeploymentPostprocessing = 0;
			shellPath = /bin/sh;
			shellScript = "diff \"${PODS_PODFILE_DIR_PATH}/Podfile.lock\" \"${PODS_ROOT}/Manifest.lock\" > /dev/null\nif [ $? != 0 ] ; then\n    # print error to STDERR\n    echo \"error: The sandbox is not in sync with the Podfile.lock. Run 'pod install' or update your CocoaPods installation.\" >&2\n    exit 1\nfi\n# This output is used by Xcode 'outputs' to avoid re-running this script phase.\necho \"SUCCESS\" > \"${SCRIPT_OUTPUT_FILE_0}\"\n";
			showEnvVarsInLog = 0;
		};
		FD7C61682CB611093614C82C /* [CP] Embed Pods Frameworks */ = {
			isa = PBXShellScriptBuildPhase;
			buildActionMask = 2147483647;
			files = (
			);
			inputFileListPaths = (
				"${PODS_ROOT}/Target Support Files/Pods-QuizApp-QuizAppUITests/Pods-QuizApp-QuizAppUITests-frameworks-${CONFIGURATION}-input-files.xcfilelist",
			);
			name = "[CP] Embed Pods Frameworks";
			outputFileListPaths = (
				"${PODS_ROOT}/Target Support Files/Pods-QuizApp-QuizAppUITests/Pods-QuizApp-QuizAppUITests-frameworks-${CONFIGURATION}-output-files.xcfilelist",
			);
			runOnlyForDeploymentPostprocessing = 0;
			shellPath = /bin/sh;
			shellScript = "\"${PODS_ROOT}/Target Support Files/Pods-QuizApp-QuizAppUITests/Pods-QuizApp-QuizAppUITests-frameworks.sh\"\n";
			showEnvVarsInLog = 0;
		};
/* End PBXShellScriptBuildPhase section */

/* Begin PBXSourcesBuildPhase section */
		EA2A0FF4266BD995009C5980 /* Sources */ = {
			isa = PBXSourcesBuildPhase;
			buildActionMask = 2147483647;
			files = (
				EA2A1000266BD995009C5980 /* ViewController.swift in Sources */,
				EA2A0FFC266BD995009C5980 /* AppDelegate.swift in Sources */,
				EA2A0FFE266BD995009C5980 /* SceneDelegate.swift in Sources */,
			);
			runOnlyForDeploymentPostprocessing = 0;
		};
		EA2A100A266BD99C009C5980 /* Sources */ = {
			isa = PBXSourcesBuildPhase;
			buildActionMask = 2147483647;
			files = (
				EA2A1013266BD99C009C5980 /* QuizAppTests.swift in Sources */,
			);
			runOnlyForDeploymentPostprocessing = 0;
		};
		EA2A1015266BD99D009C5980 /* Sources */ = {
			isa = PBXSourcesBuildPhase;
			buildActionMask = 2147483647;
			files = (
				EA2A101E266BD99D009C5980 /* QuizAppUITests.swift in Sources */,
			);
			runOnlyForDeploymentPostprocessing = 0;
		};
/* End PBXSourcesBuildPhase section */

/* Begin PBXTargetDependency section */
		EA2A1010266BD99C009C5980 /* PBXTargetDependency */ = {
			isa = PBXTargetDependency;
			target = EA2A0FF7266BD995009C5980 /* QuizApp */;
			targetProxy = EA2A100F266BD99C009C5980 /* PBXContainerItemProxy */;
		};
		EA2A101B266BD99D009C5980 /* PBXTargetDependency */ = {
			isa = PBXTargetDependency;
			target = EA2A0FF7266BD995009C5980 /* QuizApp */;
			targetProxy = EA2A101A266BD99D009C5980 /* PBXContainerItemProxy */;
		};
/* End PBXTargetDependency section */

/* Begin PBXVariantGroup section */
		EA2A1001266BD995009C5980 /* Main.storyboard */ = {
			isa = PBXVariantGroup;
			children = (
				EA2A1002266BD995009C5980 /* Base */,
			);
			name = Main.storyboard;
			sourceTree = "<group>";
		};
		EA2A1006266BD99C009C5980 /* LaunchScreen.storyboard */ = {
			isa = PBXVariantGroup;
			children = (
				EA2A1007266BD99C009C5980 /* Base */,
			);
			name = LaunchScreen.storyboard;
			sourceTree = "<group>";
		};
/* End PBXVariantGroup section */

/* Begin XCBuildConfiguration section */
		EA2A1020266BD99D009C5980 /* Debug */ = {
			isa = XCBuildConfiguration;
			buildSettings = {
				ALWAYS_SEARCH_USER_PATHS = NO;
				CLANG_ANALYZER_NONNULL = YES;
				CLANG_ANALYZER_NUMBER_OBJECT_CONVERSION = YES_AGGRESSIVE;
				CLANG_CXX_LANGUAGE_STANDARD = "gnu++14";
				CLANG_CXX_LIBRARY = "libc++";
				CLANG_ENABLE_MODULES = YES;
				CLANG_ENABLE_OBJC_ARC = YES;
				CLANG_ENABLE_OBJC_WEAK = YES;
				CLANG_WARN_BLOCK_CAPTURE_AUTORELEASING = YES;
				CLANG_WARN_BOOL_CONVERSION = YES;
				CLANG_WARN_COMMA = YES;
				CLANG_WARN_CONSTANT_CONVERSION = YES;
				CLANG_WARN_DEPRECATED_OBJC_IMPLEMENTATIONS = YES;
				CLANG_WARN_DIRECT_OBJC_ISA_USAGE = YES_ERROR;
				CLANG_WARN_DOCUMENTATION_COMMENTS = YES;
				CLANG_WARN_EMPTY_BODY = YES;
				CLANG_WARN_ENUM_CONVERSION = YES;
				CLANG_WARN_INFINITE_RECURSION = YES;
				CLANG_WARN_INT_CONVERSION = YES;
				CLANG_WARN_NON_LITERAL_NULL_CONVERSION = YES;
				CLANG_WARN_OBJC_IMPLICIT_RETAIN_SELF = YES;
				CLANG_WARN_OBJC_LITERAL_CONVERSION = YES;
				CLANG_WARN_OBJC_ROOT_CLASS = YES_ERROR;
				CLANG_WARN_QUOTED_INCLUDE_IN_FRAMEWORK_HEADER = YES;
				CLANG_WARN_RANGE_LOOP_ANALYSIS = YES;
				CLANG_WARN_STRICT_PROTOTYPES = YES;
				CLANG_WARN_SUSPICIOUS_MOVE = YES;
				CLANG_WARN_UNGUARDED_AVAILABILITY = YES_AGGRESSIVE;
				CLANG_WARN_UNREACHABLE_CODE = YES;
				CLANG_WARN__DUPLICATE_METHOD_MATCH = YES;
				COPY_PHASE_STRIP = NO;
				DEBUG_INFORMATION_FORMAT = dwarf;
				ENABLE_STRICT_OBJC_MSGSEND = YES;
				ENABLE_TESTABILITY = YES;
				GCC_C_LANGUAGE_STANDARD = gnu11;
				GCC_DYNAMIC_NO_PIC = NO;
				GCC_NO_COMMON_BLOCKS = YES;
				GCC_OPTIMIZATION_LEVEL = 0;
				GCC_PREPROCESSOR_DEFINITIONS = (
					"DEBUG=1",
					"$(inherited)",
				);
				GCC_WARN_64_TO_32_BIT_CONVERSION = YES;
				GCC_WARN_ABOUT_RETURN_TYPE = YES_ERROR;
				GCC_WARN_UNDECLARED_SELECTOR = YES;
				GCC_WARN_UNINITIALIZED_AUTOS = YES_AGGRESSIVE;
				GCC_WARN_UNUSED_FUNCTION = YES;
				GCC_WARN_UNUSED_VARIABLE = YES;
				IPHONEOS_DEPLOYMENT_TARGET = 14.4;
				MTL_ENABLE_DEBUG_INFO = INCLUDE_SOURCE;
				MTL_FAST_MATH = YES;
				ONLY_ACTIVE_ARCH = YES;
				SDKROOT = iphoneos;
				SWIFT_ACTIVE_COMPILATION_CONDITIONS = DEBUG;
				SWIFT_OPTIMIZATION_LEVEL = "-Onone";
			};
			name = Debug;
		};
		EA2A1021266BD99D009C5980 /* Release */ = {
			isa = XCBuildConfiguration;
			buildSettings = {
				ALWAYS_SEARCH_USER_PATHS = NO;
				CLANG_ANALYZER_NONNULL = YES;
				CLANG_ANALYZER_NUMBER_OBJECT_CONVERSION = YES_AGGRESSIVE;
				CLANG_CXX_LANGUAGE_STANDARD = "gnu++14";
				CLANG_CXX_LIBRARY = "libc++";
				CLANG_ENABLE_MODULES = YES;
				CLANG_ENABLE_OBJC_ARC = YES;
				CLANG_ENABLE_OBJC_WEAK = YES;
				CLANG_WARN_BLOCK_CAPTURE_AUTORELEASING = YES;
				CLANG_WARN_BOOL_CONVERSION = YES;
				CLANG_WARN_COMMA = YES;
				CLANG_WARN_CONSTANT_CONVERSION = YES;
				CLANG_WARN_DEPRECATED_OBJC_IMPLEMENTATIONS = YES;
				CLANG_WARN_DIRECT_OBJC_ISA_USAGE = YES_ERROR;
				CLANG_WARN_DOCUMENTATION_COMMENTS = YES;
				CLANG_WARN_EMPTY_BODY = YES;
				CLANG_WARN_ENUM_CONVERSION = YES;
				CLANG_WARN_INFINITE_RECURSION = YES;
				CLANG_WARN_INT_CONVERSION = YES;
				CLANG_WARN_NON_LITERAL_NULL_CONVERSION = YES;
				CLANG_WARN_OBJC_IMPLICIT_RETAIN_SELF = YES;
				CLANG_WARN_OBJC_LITERAL_CONVERSION = YES;
				CLANG_WARN_OBJC_ROOT_CLASS = YES_ERROR;
				CLANG_WARN_QUOTED_INCLUDE_IN_FRAMEWORK_HEADER = YES;
				CLANG_WARN_RANGE_LOOP_ANALYSIS = YES;
				CLANG_WARN_STRICT_PROTOTYPES = YES;
				CLANG_WARN_SUSPICIOUS_MOVE = YES;
				CLANG_WARN_UNGUARDED_AVAILABILITY = YES_AGGRESSIVE;
				CLANG_WARN_UNREACHABLE_CODE = YES;
				CLANG_WARN__DUPLICATE_METHOD_MATCH = YES;
				COPY_PHASE_STRIP = NO;
				DEBUG_INFORMATION_FORMAT = "dwarf-with-dsym";
				ENABLE_NS_ASSERTIONS = NO;
				ENABLE_STRICT_OBJC_MSGSEND = YES;
				GCC_C_LANGUAGE_STANDARD = gnu11;
				GCC_NO_COMMON_BLOCKS = YES;
				GCC_WARN_64_TO_32_BIT_CONVERSION = YES;
				GCC_WARN_ABOUT_RETURN_TYPE = YES_ERROR;
				GCC_WARN_UNDECLARED_SELECTOR = YES;
				GCC_WARN_UNINITIALIZED_AUTOS = YES_AGGRESSIVE;
				GCC_WARN_UNUSED_FUNCTION = YES;
				GCC_WARN_UNUSED_VARIABLE = YES;
				IPHONEOS_DEPLOYMENT_TARGET = 14.4;
				MTL_ENABLE_DEBUG_INFO = NO;
				MTL_FAST_MATH = YES;
				SDKROOT = iphoneos;
				SWIFT_COMPILATION_MODE = wholemodule;
				SWIFT_OPTIMIZATION_LEVEL = "-O";
				VALIDATE_PRODUCT = YES;
			};
			name = Release;
		};
		EA2A1023266BD99D009C5980 /* Debug */ = {
			isa = XCBuildConfiguration;
			baseConfigurationReference = FD66EE77A528944816324A62 /* Pods-QuizApp.debug.xcconfig */;
			buildSettings = {
				ASSETCATALOG_COMPILER_APPICON_NAME = AppIcon;
				ASSETCATALOG_COMPILER_GLOBAL_ACCENT_COLOR_NAME = AccentColor;
				CODE_SIGN_STYLE = Automatic;
				INFOPLIST_FILE = QuizApp/Info.plist;
				LD_RUNPATH_SEARCH_PATHS = (
					"$(inherited)",
					"@executable_path/Frameworks",
				);
				PRODUCT_BUNDLE_IDENTIFIER = vn.tdc.fit;
				PRODUCT_NAME = "$(TARGET_NAME)";
				SWIFT_VERSION = 5.0;
				TARGETED_DEVICE_FAMILY = "1,2";
			};
			name = Debug;
		};
		EA2A1024266BD99D009C5980 /* Release */ = {
			isa = XCBuildConfiguration;
			baseConfigurationReference = B41ED42B63B3DF2BD6941C0C /* Pods-QuizApp.release.xcconfig */;
			buildSettings = {
				ASSETCATALOG_COMPILER_APPICON_NAME = AppIcon;
				ASSETCATALOG_COMPILER_GLOBAL_ACCENT_COLOR_NAME = AccentColor;
				CODE_SIGN_STYLE = Automatic;
				INFOPLIST_FILE = QuizApp/Info.plist;
				LD_RUNPATH_SEARCH_PATHS = (
					"$(inherited)",
					"@executable_path/Frameworks",
				);
				PRODUCT_BUNDLE_IDENTIFIER = vn.tdc.fit;
				PRODUCT_NAME = "$(TARGET_NAME)";
				SWIFT_VERSION = 5.0;
				TARGETED_DEVICE_FAMILY = "1,2";
			};
			name = Release;
		};
		EA2A1026266BD99D009C5980 /* Debug */ = {
			isa = XCBuildConfiguration;
			baseConfigurationReference = 11D5C22110FD6FD72FBE71CE /* Pods-QuizAppTests.debug.xcconfig */;
			buildSettings = {
				ALWAYS_EMBED_SWIFT_STANDARD_LIBRARIES = YES;
				BUNDLE_LOADER = "$(TEST_HOST)";
				CODE_SIGN_STYLE = Automatic;
				INFOPLIST_FILE = QuizAppTests/Info.plist;
				IPHONEOS_DEPLOYMENT_TARGET = 14.4;
				LD_RUNPATH_SEARCH_PATHS = (
					"$(inherited)",
					"@executable_path/Frameworks",
					"@loader_path/Frameworks",
				);
				PRODUCT_BUNDLE_IDENTIFIER = vn.tdc.fit.QuizAppTests;
				PRODUCT_NAME = "$(TARGET_NAME)";
				SWIFT_VERSION = 5.0;
				TARGETED_DEVICE_FAMILY = "1,2";
				TEST_HOST = "$(BUILT_PRODUCTS_DIR)/QuizApp.app/QuizApp";
			};
			name = Debug;
		};
		EA2A1027266BD99D009C5980 /* Release */ = {
			isa = XCBuildConfiguration;
			baseConfigurationReference = F6175506758963593552FA7F /* Pods-QuizAppTests.release.xcconfig */;
			buildSettings = {
				ALWAYS_EMBED_SWIFT_STANDARD_LIBRARIES = YES;
				BUNDLE_LOADER = "$(TEST_HOST)";
				CODE_SIGN_STYLE = Automatic;
				INFOPLIST_FILE = QuizAppTests/Info.plist;
				IPHONEOS_DEPLOYMENT_TARGET = 14.4;
				LD_RUNPATH_SEARCH_PATHS = (
					"$(inherited)",
					"@executable_path/Frameworks",
					"@loader_path/Frameworks",
				);
				PRODUCT_BUNDLE_IDENTIFIER = vn.tdc.fit.QuizAppTests;
				PRODUCT_NAME = "$(TARGET_NAME)";
				SWIFT_VERSION = 5.0;
				TARGETED_DEVICE_FAMILY = "1,2";
				TEST_HOST = "$(BUILT_PRODUCTS_DIR)/QuizApp.app/QuizApp";
			};
			name = Release;
		};
		EA2A1029266BD99D009C5980 /* Debug */ = {
			isa = XCBuildConfiguration;
			baseConfigurationReference = 96373BD5DD9D545BDEA9ED6D /* Pods-QuizApp-QuizAppUITests.debug.xcconfig */;
			buildSettings = {
				ALWAYS_EMBED_SWIFT_STANDARD_LIBRARIES = YES;
				CODE_SIGN_STYLE = Automatic;
				INFOPLIST_FILE = QuizAppUITests/Info.plist;
				LD_RUNPATH_SEARCH_PATHS = (
					"$(inherited)",
					"@executable_path/Frameworks",
					"@loader_path/Frameworks",
				);
				PRODUCT_BUNDLE_IDENTIFIER = vn.tdc.fit.QuizAppUITests;
				PRODUCT_NAME = "$(TARGET_NAME)";
				SWIFT_VERSION = 5.0;
				TARGETED_DEVICE_FAMILY = "1,2";
				TEST_TARGET_NAME = QuizApp;
			};
			name = Debug;
		};
		EA2A102A266BD99D009C5980 /* Release */ = {
			isa = XCBuildConfiguration;
			baseConfigurationReference = EEA66255DB05B7932FC81E13 /* Pods-QuizApp-QuizAppUITests.release.xcconfig */;
			buildSettings = {
				ALWAYS_EMBED_SWIFT_STANDARD_LIBRARIES = YES;
				CODE_SIGN_STYLE = Automatic;
				INFOPLIST_FILE = QuizAppUITests/Info.plist;
				LD_RUNPATH_SEARCH_PATHS = (
					"$(inherited)",
					"@executable_path/Frameworks",
					"@loader_path/Frameworks",
				);
				PRODUCT_BUNDLE_IDENTIFIER = vn.tdc.fit.QuizAppUITests;
				PRODUCT_NAME = "$(TARGET_NAME)";
				SWIFT_VERSION = 5.0;
				TARGETED_DEVICE_FAMILY = "1,2";
				TEST_TARGET_NAME = QuizApp;
			};
			name = Release;
		};
/* End XCBuildConfiguration section */

/* Begin XCConfigurationList section */
		EA2A0FF3266BD995009C5980 /* Build configuration list for PBXProject "QuizApp" */ = {
			isa = XCConfigurationList;
			buildConfigurations = (
				EA2A1020266BD99D009C5980 /* Debug */,
				EA2A1021266BD99D009C5980 /* Release */,
			);
			defaultConfigurationIsVisible = 0;
			defaultConfigurationName = Release;
		};
		EA2A1022266BD99D009C5980 /* Build configuration list for PBXNativeTarget "QuizApp" */ = {
			isa = XCConfigurationList;
			buildConfigurations = (
				EA2A1023266BD99D009C5980 /* Debug */,
				EA2A1024266BD99D009C5980 /* Release */,
			);
			defaultConfigurationIsVisible = 0;
			defaultConfigurationName = Release;
		};
		EA2A1025266BD99D009C5980 /* Build configuration list for PBXNativeTarget "QuizAppTests" */ = {
			isa = XCConfigurationList;
			buildConfigurations = (
				EA2A1026266BD99D009C5980 /* Debug */,
				EA2A1027266BD99D009C5980 /* Release */,
			);
			defaultConfigurationIsVisible = 0;
			defaultConfigurationName = Release;
		};
		EA2A1028266BD99D009C5980 /* Build configuration list for PBXNativeTarget "QuizAppUITests" */ = {
			isa = XCConfigurationList;
			buildConfigurations = (
				EA2A1029266BD99D009C5980 /* Debug */,
				EA2A102A266BD99D009C5980 /* Release */,
			);
			defaultConfigurationIsVisible = 0;
			defaultConfigurationName = Release;
		};
/* End XCConfigurationList section */
	};
	rootObject = EA2A0FF0266BD995009C5980 /* Project object */;
}
