// !$*UTF8*$!
{
	archiveVersion = 1;
	classes = {
	};
	objectVersion = 50;
	objects = {

/* Begin PBXBuildFile section */
		EA4136942660C9780049635F /* AppDelegate.swift in Sources */ = {isa = PBXBuildFile; fileRef = EA4136932660C9780049635F /* AppDelegate.swift */; };
		EA4136962660C9780049635F /* SceneDelegate.swift in Sources */ = {isa = PBXBuildFile; fileRef = EA4136952660C9780049635F /* SceneDelegate.swift */; };
		EA4136982660C9780049635F /* ViewController.swift in Sources */ = {isa = PBXBuildFile; fileRef = EA4136972660C9780049635F /* ViewController.swift */; };
		EA41369B2660C9780049635F /* Main.storyboard in Resources */ = {isa = PBXBuildFile; fileRef = EA4136992660C9780049635F /* Main.storyboard */; };
		EA41369D2660C9790049635F /* Assets.xcassets in Resources */ = {isa = PBXBuildFile; fileRef = EA41369C2660C9790049635F /* Assets.xcassets */; };
		EA4136A02660C9790049635F /* LaunchScreen.storyboard in Resources */ = {isa = PBXBuildFile; fileRef = EA41369E2660C9790049635F /* LaunchScreen.storyboard */; };
		EA4136AB2660C9790049635F /* QuizAppIOSTests.swift in Sources */ = {isa = PBXBuildFile; fileRef = EA4136AA2660C9790049635F /* QuizAppIOSTests.swift */; };
		EA4136B62660C9790049635F /* QuizAppIOSUITests.swift in Sources */ = {isa = PBXBuildFile; fileRef = EA4136B52660C9790049635F /* QuizAppIOSUITests.swift */; };
/* End PBXBuildFile section */

/* Begin PBXContainerItemProxy section */
		EA4136A72660C9790049635F /* PBXContainerItemProxy */ = {
			isa = PBXContainerItemProxy;
			containerPortal = EA4136882660C9780049635F /* Project object */;
			proxyType = 1;
			remoteGlobalIDString = EA41368F2660C9780049635F;
			remoteInfo = QuizAppIOS;
		};
		EA4136B22660C9790049635F /* PBXContainerItemProxy */ = {
			isa = PBXContainerItemProxy;
			containerPortal = EA4136882660C9780049635F /* Project object */;
			proxyType = 1;
			remoteGlobalIDString = EA41368F2660C9780049635F;
			remoteInfo = QuizAppIOS;
		};
/* End PBXContainerItemProxy section */

/* Begin PBXFileReference section */
		EA4136902660C9780049635F /* QuizAppIOS.app */ = {isa = PBXFileReference; explicitFileType = wrapper.application; includeInIndex = 0; path = QuizAppIOS.app; sourceTree = BUILT_PRODUCTS_DIR; };
		EA4136932660C9780049635F /* AppDelegate.swift */ = {isa = PBXFileReference; lastKnownFileType = sourcecode.swift; path = AppDelegate.swift; sourceTree = "<group>"; };
		EA4136952660C9780049635F /* SceneDelegate.swift */ = {isa = PBXFileReference; lastKnownFileType = sourcecode.swift; path = SceneDelegate.swift; sourceTree = "<group>"; };
		EA4136972660C9780049635F /* ViewController.swift */ = {isa = PBXFileReference; lastKnownFileType = sourcecode.swift; path = ViewController.swift; sourceTree = "<group>"; };
		EA41369A2660C9780049635F /* Base */ = {isa = PBXFileReference; lastKnownFileType = file.storyboard; name = Base; path = Base.lproj/Main.storyboard; sourceTree = "<group>"; };
		EA41369C2660C9790049635F /* Assets.xcassets */ = {isa = PBXFileReference; lastKnownFileType = folder.assetcatalog; path = Assets.xcassets; sourceTree = "<group>"; };
		EA41369F2660C9790049635F /* Base */ = {isa = PBXFileReference; lastKnownFileType = file.storyboard; name = Base; path = Base.lproj/LaunchScreen.storyboard; sourceTree = "<group>"; };
		EA4136A12660C9790049635F /* Info.plist */ = {isa = PBXFileReference; lastKnownFileType = text.plist.xml; path = Info.plist; sourceTree = "<group>"; };
		EA4136A62660C9790049635F /* QuizAppIOSTests.xctest */ = {isa = PBXFileReference; explicitFileType = wrapper.cfbundle; includeInIndex = 0; path = QuizAppIOSTests.xctest; sourceTree = BUILT_PRODUCTS_DIR; };
		EA4136AA2660C9790049635F /* QuizAppIOSTests.swift */ = {isa = PBXFileReference; lastKnownFileType = sourcecode.swift; path = QuizAppIOSTests.swift; sourceTree = "<group>"; };
		EA4136AC2660C9790049635F /* Info.plist */ = {isa = PBXFileReference; lastKnownFileType = text.plist.xml; path = Info.plist; sourceTree = "<group>"; };
		EA4136B12660C9790049635F /* QuizAppIOSUITests.xctest */ = {isa = PBXFileReference; explicitFileType = wrapper.cfbundle; includeInIndex = 0; path = QuizAppIOSUITests.xctest; sourceTree = BUILT_PRODUCTS_DIR; };
		EA4136B52660C9790049635F /* QuizAppIOSUITests.swift */ = {isa = PBXFileReference; lastKnownFileType = sourcecode.swift; path = QuizAppIOSUITests.swift; sourceTree = "<group>"; };
		EA4136B72660C9790049635F /* Info.plist */ = {isa = PBXFileReference; lastKnownFileType = text.plist.xml; path = Info.plist; sourceTree = "<group>"; };
/* End PBXFileReference section */

/* Begin PBXFrameworksBuildPhase section */
		EA41368D2660C9780049635F /* Frameworks */ = {
			isa = PBXFrameworksBuildPhase;
			buildActionMask = 2147483647;
			files = (
			);
			runOnlyForDeploymentPostprocessing = 0;
		};
		EA4136A32660C9790049635F /* Frameworks */ = {
			isa = PBXFrameworksBuildPhase;
			buildActionMask = 2147483647;
			files = (
			);
			runOnlyForDeploymentPostprocessing = 0;
		};
		EA4136AE2660C9790049635F /* Frameworks */ = {
			isa = PBXFrameworksBuildPhase;
			buildActionMask = 2147483647;
			files = (
			);
			runOnlyForDeploymentPostprocessing = 0;
		};
/* End PBXFrameworksBuildPhase section */

/* Begin PBXGroup section */
		EA4136872660C9780049635F = {
			isa = PBXGroup;
			children = (
				EA4136922660C9780049635F /* QuizAppIOS */,
				EA4136A92660C9790049635F /* QuizAppIOSTests */,
				EA4136B42660C9790049635F /* QuizAppIOSUITests */,
				EA4136912660C9780049635F /* Products */,
			);
			sourceTree = "<group>";
		};
		EA4136912660C9780049635F /* Products */ = {
			isa = PBXGroup;
			children = (
				EA4136902660C9780049635F /* QuizAppIOS.app */,
				EA4136A62660C9790049635F /* QuizAppIOSTests.xctest */,
				EA4136B12660C9790049635F /* QuizAppIOSUITests.xctest */,
			);
			name = Products;
			sourceTree = "<group>";
		};
		EA4136922660C9780049635F /* QuizAppIOS */ = {
			isa = PBXGroup;
			children = (
				EA4136932660C9780049635F /* AppDelegate.swift */,
				EA4136952660C9780049635F /* SceneDelegate.swift */,
				EA4136972660C9780049635F /* ViewController.swift */,
				EA4136992660C9780049635F /* Main.storyboard */,
				EA41369C2660C9790049635F /* Assets.xcassets */,
				EA41369E2660C9790049635F /* LaunchScreen.storyboard */,
				EA4136A12660C9790049635F /* Info.plist */,
			);
			path = QuizAppIOS;
			sourceTree = "<group>";
		};
		EA4136A92660C9790049635F /* QuizAppIOSTests */ = {
			isa = PBXGroup;
			children = (
				EA4136AA2660C9790049635F /* QuizAppIOSTests.swift */,
				EA4136AC2660C9790049635F /* Info.plist */,
			);
			path = QuizAppIOSTests;
			sourceTree = "<group>";
		};
		EA4136B42660C9790049635F /* QuizAppIOSUITests */ = {
			isa = PBXGroup;
			children = (
				EA4136B52660C9790049635F /* QuizAppIOSUITests.swift */,
				EA4136B72660C9790049635F /* Info.plist */,
			);
			path = QuizAppIOSUITests;
			sourceTree = "<group>";
		};
/* End PBXGroup section */

/* Begin PBXNativeTarget section */
		EA41368F2660C9780049635F /* QuizAppIOS */ = {
			isa = PBXNativeTarget;
			buildConfigurationList = EA4136BA2660C9790049635F /* Build configuration list for PBXNativeTarget "QuizAppIOS" */;
			buildPhases = (
				EA41368C2660C9780049635F /* Sources */,
				EA41368D2660C9780049635F /* Frameworks */,
				EA41368E2660C9780049635F /* Resources */,
			);
			buildRules = (
			);
			dependencies = (
			);
			name = QuizAppIOS;
			productName = QuizAppIOS;
			productReference = EA4136902660C9780049635F /* QuizAppIOS.app */;
			productType = "com.apple.product-type.application";
		};
		EA4136A52660C9790049635F /* QuizAppIOSTests */ = {
			isa = PBXNativeTarget;
			buildConfigurationList = EA4136BD2660C9790049635F /* Build configuration list for PBXNativeTarget "QuizAppIOSTests" */;
			buildPhases = (
				EA4136A22660C9790049635F /* Sources */,
				EA4136A32660C9790049635F /* Frameworks */,
				EA4136A42660C9790049635F /* Resources */,
			);
			buildRules = (
			);
			dependencies = (
				EA4136A82660C9790049635F /* PBXTargetDependency */,
			);
			name = QuizAppIOSTests;
			productName = QuizAppIOSTests;
			productReference = EA4136A62660C9790049635F /* QuizAppIOSTests.xctest */;
			productType = "com.apple.product-type.bundle.unit-test";
		};
		EA4136B02660C9790049635F /* QuizAppIOSUITests */ = {
			isa = PBXNativeTarget;
			buildConfigurationList = EA4136C02660C9790049635F /* Build configuration list for PBXNativeTarget "QuizAppIOSUITests" */;
			buildPhases = (
				EA4136AD2660C9790049635F /* Sources */,
				EA4136AE2660C9790049635F /* Frameworks */,
				EA4136AF2660C9790049635F /* Resources */,
			);
			buildRules = (
			);
			dependencies = (
				EA4136B32660C9790049635F /* PBXTargetDependency */,
			);
			name = QuizAppIOSUITests;
			productName = QuizAppIOSUITests;
			productReference = EA4136B12660C9790049635F /* QuizAppIOSUITests.xctest */;
			productType = "com.apple.product-type.bundle.ui-testing";
		};
/* End PBXNativeTarget section */

/* Begin PBXProject section */
		EA4136882660C9780049635F /* Project object */ = {
			isa = PBXProject;
			attributes = {
				LastSwiftUpdateCheck = 1240;
				LastUpgradeCheck = 1240;
				TargetAttributes = {
					EA41368F2660C9780049635F = {
						CreatedOnToolsVersion = 12.4;
					};
					EA4136A52660C9790049635F = {
						CreatedOnToolsVersion = 12.4;
						TestTargetID = EA41368F2660C9780049635F;
					};
					EA4136B02660C9790049635F = {
						CreatedOnToolsVersion = 12.4;
						TestTargetID = EA41368F2660C9780049635F;
					};
				};
			};
			buildConfigurationList = EA41368B2660C9780049635F /* Build configuration list for PBXProject "QuizAppIOS" */;
			compatibilityVersion = "Xcode 9.3";
			developmentRegion = en;
			hasScannedForEncodings = 0;
			knownRegions = (
				en,
				Base,
			);
			mainGroup = EA4136872660C9780049635F;
			productRefGroup = EA4136912660C9780049635F /* Products */;
			projectDirPath = "";
			projectRoot = "";
			targets = (
				EA41368F2660C9780049635F /* QuizAppIOS */,
				EA4136A52660C9790049635F /* QuizAppIOSTests */,
				EA4136B02660C9790049635F /* QuizAppIOSUITests */,
			);
		};
/* End PBXProject section */

/* Begin PBXResourcesBuildPhase section */
		EA41368E2660C9780049635F /* Resources */ = {
			isa = PBXResourcesBuildPhase;
			buildActionMask = 2147483647;
			files = (
				EA4136A02660C9790049635F /* LaunchScreen.storyboard in Resources */,
				EA41369D2660C9790049635F /* Assets.xcassets in Resources */,
				EA41369B2660C9780049635F /* Main.storyboard in Resources */,
			);
			runOnlyForDeploymentPostprocessing = 0;
		};
		EA4136A42660C9790049635F /* Resources */ = {
			isa = PBXResourcesBuildPhase;
			buildActionMask = 2147483647;
			files = (
			);
			runOnlyForDeploymentPostprocessing = 0;
		};
		EA4136AF2660C9790049635F /* Resources */ = {
			isa = PBXResourcesBuildPhase;
			buildActionMask = 2147483647;
			files = (
			);
			runOnlyForDeploymentPostprocessing = 0;
		};
/* End PBXResourcesBuildPhase section */

/* Begin PBXSourcesBuildPhase section */
		EA41368C2660C9780049635F /* Sources */ = {
			isa = PBXSourcesBuildPhase;
			buildActionMask = 2147483647;
			files = (
				EA4136982660C9780049635F /* ViewController.swift in Sources */,
				EA4136942660C9780049635F /* AppDelegate.swift in Sources */,
				EA4136962660C9780049635F /* SceneDelegate.swift in Sources */,
			);
			runOnlyForDeploymentPostprocessing = 0;
		};
		EA4136A22660C9790049635F /* Sources */ = {
			isa = PBXSourcesBuildPhase;
			buildActionMask = 2147483647;
			files = (
				EA4136AB2660C9790049635F /* QuizAppIOSTests.swift in Sources */,
			);
			runOnlyForDeploymentPostprocessing = 0;
		};
		EA4136AD2660C9790049635F /* Sources */ = {
			isa = PBXSourcesBuildPhase;
			buildActionMask = 2147483647;
			files = (
				EA4136B62660C9790049635F /* QuizAppIOSUITests.swift in Sources */,
			);
			runOnlyForDeploymentPostprocessing = 0;
		};
/* End PBXSourcesBuildPhase section */

/* Begin PBXTargetDependency section */
		EA4136A82660C9790049635F /* PBXTargetDependency */ = {
			isa = PBXTargetDependency;
			target = EA41368F2660C9780049635F /* QuizAppIOS */;
			targetProxy = EA4136A72660C9790049635F /* PBXContainerItemProxy */;
		};
		EA4136B32660C9790049635F /* PBXTargetDependency */ = {
			isa = PBXTargetDependency;
			target = EA41368F2660C9780049635F /* QuizAppIOS */;
			targetProxy = EA4136B22660C9790049635F /* PBXContainerItemProxy */;
		};
/* End PBXTargetDependency section */

/* Begin PBXVariantGroup section */
		EA4136992660C9780049635F /* Main.storyboard */ = {
			isa = PBXVariantGroup;
			children = (
				EA41369A2660C9780049635F /* Base */,
			);
			name = Main.storyboard;
			sourceTree = "<group>";
		};
		EA41369E2660C9790049635F /* LaunchScreen.storyboard */ = {
			isa = PBXVariantGroup;
			children = (
				EA41369F2660C9790049635F /* Base */,
			);
			name = LaunchScreen.storyboard;
			sourceTree = "<group>";
		};
/* End PBXVariantGroup section */

/* Begin XCBuildConfiguration section */
		EA4136B82660C9790049635F /* Debug */ = {
			isa = XCBuildConfiguration;
			buildSettings = {
				ALWAYS_SEARCH_USER_PATHS = NO;
				CLANG_ANALYZER_NONNULL = YES;
				CLANG_ANALYZER_NUMBER_OBJECT_CONVERSION = YES_AGGRESSIVE;
				CLANG_CXX_LANGUAGE_STANDARD = "gnu++14";
				CLANG_CXX_LIBRARY = "libc++";
				CLANG_ENABLE_MODULES = YES;
				CLANG_ENABLE_OBJC_ARC = YES;
				CLANG_ENABLE_OBJC_WEAK = YES;
				CLANG_WARN_BLOCK_CAPTURE_AUTORELEASING = YES;
				CLANG_WARN_BOOL_CONVERSION = YES;
				CLANG_WARN_COMMA = YES;
				CLANG_WARN_CONSTANT_CONVERSION = YES;
				CLANG_WARN_DEPRECATED_OBJC_IMPLEMENTATIONS = YES;
				CLANG_WARN_DIRECT_OBJC_ISA_USAGE = YES_ERROR;
				CLANG_WARN_DOCUMENTATION_COMMENTS = YES;
				CLANG_WARN_EMPTY_BODY = YES;
				CLANG_WARN_ENUM_CONVERSION = YES;
				CLANG_WARN_INFINITE_RECURSION = YES;
				CLANG_WARN_INT_CONVERSION = YES;
				CLANG_WARN_NON_LITERAL_NULL_CONVERSION = YES;
				CLANG_WARN_OBJC_IMPLICIT_RETAIN_SELF = YES;
				CLANG_WARN_OBJC_LITERAL_CONVERSION = YES;
				CLANG_WARN_OBJC_ROOT_CLASS = YES_ERROR;
				CLANG_WARN_QUOTED_INCLUDE_IN_FRAMEWORK_HEADER = YES;
				CLANG_WARN_RANGE_LOOP_ANALYSIS = YES;
				CLANG_WARN_STRICT_PROTOTYPES = YES;
				CLANG_WARN_SUSPICIOUS_MOVE = YES;
				CLANG_WARN_UNGUARDED_AVAILABILITY = YES_AGGRESSIVE;
				CLANG_WARN_UNREACHABLE_CODE = YES;
				CLANG_WARN__DUPLICATE_METHOD_MATCH = YES;
				COPY_PHASE_STRIP = NO;
				DEBUG_INFORMATION_FORMAT = dwarf;
				ENABLE_STRICT_OBJC_MSGSEND = YES;
				ENABLE_TESTABILITY = YES;
				GCC_C_LANGUAGE_STANDARD = gnu11;
				GCC_DYNAMIC_NO_PIC = NO;
				GCC_NO_COMMON_BLOCKS = YES;
				GCC_OPTIMIZATION_LEVEL = 0;
				GCC_PREPROCESSOR_DEFINITIONS = (
					"DEBUG=1",
					"$(inherited)",
				);
				GCC_WARN_64_TO_32_BIT_CONVERSION = YES;
				GCC_WARN_ABOUT_RETURN_TYPE = YES_ERROR;
				GCC_WARN_UNDECLARED_SELECTOR = YES;
				GCC_WARN_UNINITIALIZED_AUTOS = YES_AGGRESSIVE;
				GCC_WARN_UNUSED_FUNCTION = YES;
				GCC_WARN_UNUSED_VARIABLE = YES;
				IPHONEOS_DEPLOYMENT_TARGET = 14.4;
				MTL_ENABLE_DEBUG_INFO = INCLUDE_SOURCE;
				MTL_FAST_MATH = YES;
				ONLY_ACTIVE_ARCH = YES;
				SDKROOT = iphoneos;
				SWIFT_ACTIVE_COMPILATION_CONDITIONS = DEBUG;
				SWIFT_OPTIMIZATION_LEVEL = "-Onone";
			};
			name = Debug;
		};
		EA4136B92660C9790049635F /* Release */ = {
			isa = XCBuildConfiguration;
			buildSettings = {
				ALWAYS_SEARCH_USER_PATHS = NO;
				CLANG_ANALYZER_NONNULL = YES;
				CLANG_ANALYZER_NUMBER_OBJECT_CONVERSION = YES_AGGRESSIVE;
				CLANG_CXX_LANGUAGE_STANDARD = "gnu++14";
				CLANG_CXX_LIBRARY = "libc++";
				CLANG_ENABLE_MODULES = YES;
				CLANG_ENABLE_OBJC_ARC = YES;
				CLANG_ENABLE_OBJC_WEAK = YES;
				CLANG_WARN_BLOCK_CAPTURE_AUTORELEASING = YES;
				CLANG_WARN_BOOL_CONVERSION = YES;
				CLANG_WARN_COMMA = YES;
				CLANG_WARN_CONSTANT_CONVERSION = YES;
				CLANG_WARN_DEPRECATED_OBJC_IMPLEMENTATIONS = YES;
				CLANG_WARN_DIRECT_OBJC_ISA_USAGE = YES_ERROR;
				CLANG_WARN_DOCUMENTATION_COMMENTS = YES;
				CLANG_WARN_EMPTY_BODY = YES;
				CLANG_WARN_ENUM_CONVERSION = YES;
				CLANG_WARN_INFINITE_RECURSION = YES;
				CLANG_WARN_INT_CONVERSION = YES;
				CLANG_WARN_NON_LITERAL_NULL_CONVERSION = YES;
				CLANG_WARN_OBJC_IMPLICIT_RETAIN_SELF = YES;
				CLANG_WARN_OBJC_LITERAL_CONVERSION = YES;
				CLANG_WARN_OBJC_ROOT_CLASS = YES_ERROR;
				CLANG_WARN_QUOTED_INCLUDE_IN_FRAMEWORK_HEADER = YES;
				CLANG_WARN_RANGE_LOOP_ANALYSIS = YES;
				CLANG_WARN_STRICT_PROTOTYPES = YES;
				CLANG_WARN_SUSPICIOUS_MOVE = YES;
				CLANG_WARN_UNGUARDED_AVAILABILITY = YES_AGGRESSIVE;
				CLANG_WARN_UNREACHABLE_CODE = YES;
				CLANG_WARN__DUPLICATE_METHOD_MATCH = YES;
				COPY_PHASE_STRIP = NO;
				DEBUG_INFORMATION_FORMAT = "dwarf-with-dsym";
				ENABLE_NS_ASSERTIONS = NO;
				ENABLE_STRICT_OBJC_MSGSEND = YES;
				GCC_C_LANGUAGE_STANDARD = gnu11;
				GCC_NO_COMMON_BLOCKS = YES;
				GCC_WARN_64_TO_32_BIT_CONVERSION = YES;
				GCC_WARN_ABOUT_RETURN_TYPE = YES_ERROR;
				GCC_WARN_UNDECLARED_SELECTOR = YES;
				GCC_WARN_UNINITIALIZED_AUTOS = YES_AGGRESSIVE;
				GCC_WARN_UNUSED_FUNCTION = YES;
				GCC_WARN_UNUSED_VARIABLE = YES;
				IPHONEOS_DEPLOYMENT_TARGET = 14.4;
				MTL_ENABLE_DEBUG_INFO = NO;
				MTL_FAST_MATH = YES;
				SDKROOT = iphoneos;
				SWIFT_COMPILATION_MODE = wholemodule;
				SWIFT_OPTIMIZATION_LEVEL = "-O";
				VALIDATE_PRODUCT = YES;
			};
			name = Release;
		};
		EA4136BB2660C9790049635F /* Debug */ = {
			isa = XCBuildConfiguration;
			buildSettings = {
				ASSETCATALOG_COMPILER_APPICON_NAME = AppIcon;
				ASSETCATALOG_COMPILER_GLOBAL_ACCENT_COLOR_NAME = AccentColor;
				CODE_SIGN_STYLE = Automatic;
				INFOPLIST_FILE = QuizAppIOS/Info.plist;
				LD_RUNPATH_SEARCH_PATHS = (
					"$(inherited)",
					"@executable_path/Frameworks",
				);
				PRODUCT_BUNDLE_IDENTIFIER = vn.tdc.fit.QuizAppIOS;
				PRODUCT_NAME = "$(TARGET_NAME)";
				SWIFT_VERSION = 5.0;
				TARGETED_DEVICE_FAMILY = "1,2";
			};
			name = Debug;
		};
		EA4136BC2660C9790049635F /* Release */ = {
			isa = XCBuildConfiguration;
			buildSettings = {
				ASSETCATALOG_COMPILER_APPICON_NAME = AppIcon;
				ASSETCATALOG_COMPILER_GLOBAL_ACCENT_COLOR_NAME = AccentColor;
				CODE_SIGN_STYLE = Automatic;
				INFOPLIST_FILE = QuizAppIOS/Info.plist;
				LD_RUNPATH_SEARCH_PATHS = (
					"$(inherited)",
					"@executable_path/Frameworks",
				);
				PRODUCT_BUNDLE_IDENTIFIER = vn.tdc.fit.QuizAppIOS;
				PRODUCT_NAME = "$(TARGET_NAME)";
				SWIFT_VERSION = 5.0;
				TARGETED_DEVICE_FAMILY = "1,2";
			};
			name = Release;
		};
		EA4136BE2660C9790049635F /* Debug */ = {
			isa = XCBuildConfiguration;
			buildSettings = {
				ALWAYS_EMBED_SWIFT_STANDARD_LIBRARIES = YES;
				BUNDLE_LOADER = "$(TEST_HOST)";
				CODE_SIGN_STYLE = Automatic;
				INFOPLIST_FILE = QuizAppIOSTests/Info.plist;
				IPHONEOS_DEPLOYMENT_TARGET = 14.4;
				LD_RUNPATH_SEARCH_PATHS = (
					"$(inherited)",
					"@executable_path/Frameworks",
					"@loader_path/Frameworks",
				);
				PRODUCT_BUNDLE_IDENTIFIER = vn.tdc.fit.QuizAppIOSTests;
				PRODUCT_NAME = "$(TARGET_NAME)";
				SWIFT_VERSION = 5.0;
				TARGETED_DEVICE_FAMILY = "1,2";
				TEST_HOST = "$(BUILT_PRODUCTS_DIR)/QuizAppIOS.app/QuizAppIOS";
			};
			name = Debug;
		};
		EA4136BF2660C9790049635F /* Release */ = {
			isa = XCBuildConfiguration;
			buildSettings = {
				ALWAYS_EMBED_SWIFT_STANDARD_LIBRARIES = YES;
				BUNDLE_LOADER = "$(TEST_HOST)";
				CODE_SIGN_STYLE = Automatic;
				INFOPLIST_FILE = QuizAppIOSTests/Info.plist;
				IPHONEOS_DEPLOYMENT_TARGET = 14.4;
				LD_RUNPATH_SEARCH_PATHS = (
					"$(inherited)",
					"@executable_path/Frameworks",
					"@loader_path/Frameworks",
				);
				PRODUCT_BUNDLE_IDENTIFIER = vn.tdc.fit.QuizAppIOSTests;
				PRODUCT_NAME = "$(TARGET_NAME)";
				SWIFT_VERSION = 5.0;
				TARGETED_DEVICE_FAMILY = "1,2";
				TEST_HOST = "$(BUILT_PRODUCTS_DIR)/QuizAppIOS.app/QuizAppIOS";
			};
			name = Release;
		};
		EA4136C12660C9790049635F /* Debug */ = {
			isa = XCBuildConfiguration;
			buildSettings = {
				ALWAYS_EMBED_SWIFT_STANDARD_LIBRARIES = YES;
				CODE_SIGN_STYLE = Automatic;
				INFOPLIST_FILE = QuizAppIOSUITests/Info.plist;
				LD_RUNPATH_SEARCH_PATHS = (
					"$(inherited)",
					"@executable_path/Frameworks",
					"@loader_path/Frameworks",
				);
				PRODUCT_BUNDLE_IDENTIFIER = vn.tdc.fit.QuizAppIOSUITests;
				PRODUCT_NAME = "$(TARGET_NAME)";
				SWIFT_VERSION = 5.0;
				TARGETED_DEVICE_FAMILY = "1,2";
				TEST_TARGET_NAME = QuizAppIOS;
			};
			name = Debug;
		};
		EA4136C22660C9790049635F /* Release */ = {
			isa = XCBuildConfiguration;
			buildSettings = {
				ALWAYS_EMBED_SWIFT_STANDARD_LIBRARIES = YES;
				CODE_SIGN_STYLE = Automatic;
				INFOPLIST_FILE = QuizAppIOSUITests/Info.plist;
				LD_RUNPATH_SEARCH_PATHS = (
					"$(inherited)",
					"@executable_path/Frameworks",
					"@loader_path/Frameworks",
				);
				PRODUCT_BUNDLE_IDENTIFIER = vn.tdc.fit.QuizAppIOSUITests;
				PRODUCT_NAME = "$(TARGET_NAME)";
				SWIFT_VERSION = 5.0;
				TARGETED_DEVICE_FAMILY = "1,2";
				TEST_TARGET_NAME = QuizAppIOS;
			};
			name = Release;
		};
/* End XCBuildConfiguration section */

/* Begin XCConfigurationList section */
		EA41368B2660C9780049635F /* Build configuration list for PBXProject "QuizAppIOS" */ = {
			isa = XCConfigurationList;
			buildConfigurations = (
				EA4136B82660C9790049635F /* Debug */,
				EA4136B92660C9790049635F /* Release */,
			);
			defaultConfigurationIsVisible = 0;
			defaultConfigurationName = Release;
		};
		EA4136BA2660C9790049635F /* Build configuration list for PBXNativeTarget "QuizAppIOS" */ = {
			isa = XCConfigurationList;
			buildConfigurations = (
				EA4136BB2660C9790049635F /* Debug */,
				EA4136BC2660C9790049635F /* Release */,
			);
			defaultConfigurationIsVisible = 0;
			defaultConfigurationName = Release;
		};
		EA4136BD2660C9790049635F /* Build configuration list for PBXNativeTarget "QuizAppIOSTests" */ = {
			isa = XCConfigurationList;
			buildConfigurations = (
				EA4136BE2660C9790049635F /* Debug */,
				EA4136BF2660C9790049635F /* Release */,
			);
			defaultConfigurationIsVisible = 0;
			defaultConfigurationName = Release;
		};
		EA4136C02660C9790049635F /* Build configuration list for PBXNativeTarget "QuizAppIOSUITests" */ = {
			isa = XCConfigurationList;
			buildConfigurations = (
				EA4136C12660C9790049635F /* Debug */,
				EA4136C22660C9790049635F /* Release */,
			);
			defaultConfigurationIsVisible = 0;
			defaultConfigurationName = Release;
		};
/* End XCConfigurationList section */
	};
	rootObject = EA4136882660C9780049635F /* Project object */;
}
